// !$*UTF8*$!
{
	archiveVersion = 1;
	classes = {
	};
	objectVersion = 48;
	objects = {

/* Begin PBXBuildFile section */
		ABD6EF091F8F8CCD007D3D90 /* OpenVPNNetworkSettingsBuilder.h in Headers */ = {isa = PBXBuildFile; fileRef = ABD6EF071F8F8CCD007D3D90 /* OpenVPNNetworkSettingsBuilder.h */; };
		ABD6EF0A1F8F8CCD007D3D90 /* OpenVPNNetworkSettingsBuilder.h in Headers */ = {isa = PBXBuildFile; fileRef = ABD6EF071F8F8CCD007D3D90 /* OpenVPNNetworkSettingsBuilder.h */; };
		ABD6EF0B1F8F8CCD007D3D90 /* OpenVPNNetworkSettingsBuilder.m in Sources */ = {isa = PBXBuildFile; fileRef = ABD6EF081F8F8CCD007D3D90 /* OpenVPNNetworkSettingsBuilder.m */; };
		ABD6EF0C1F8F8CCD007D3D90 /* OpenVPNNetworkSettingsBuilder.m in Sources */ = {isa = PBXBuildFile; fileRef = ABD6EF081F8F8CCD007D3D90 /* OpenVPNNetworkSettingsBuilder.m */; };
		ABD6EF101F8F93AB007D3D90 /* OpenVPNPacketFlowBridge.h in Headers */ = {isa = PBXBuildFile; fileRef = ABD6EF0E1F8F93AB007D3D90 /* OpenVPNPacketFlowBridge.h */; };
		ABD6EF111F8F93AB007D3D90 /* OpenVPNPacketFlowBridge.h in Headers */ = {isa = PBXBuildFile; fileRef = ABD6EF0E1F8F93AB007D3D90 /* OpenVPNPacketFlowBridge.h */; };
		ABD6EF121F8F93AB007D3D90 /* OpenVPNPacketFlowBridge.mm in Sources */ = {isa = PBXBuildFile; fileRef = ABD6EF0F1F8F93AB007D3D90 /* OpenVPNPacketFlowBridge.mm */; };
		ABD6EF131F8F93AB007D3D90 /* OpenVPNPacketFlowBridge.mm in Sources */ = {isa = PBXBuildFile; fileRef = ABD6EF0F1F8F93AB007D3D90 /* OpenVPNPacketFlowBridge.mm */; };
		ABD6EF171F8F9C38007D3D90 /* OpenVPNAdapter.h in Headers */ = {isa = PBXBuildFile; fileRef = ABD6EF151F8F9C37007D3D90 /* OpenVPNAdapter.h */; settings = {ATTRIBUTES = (Public, ); }; };
		ABD6EF181F8F9C38007D3D90 /* OpenVPNAdapter.mm in Sources */ = {isa = PBXBuildFile; fileRef = ABD6EF161F8F9C38007D3D90 /* OpenVPNAdapter.mm */; };
		ABD6EF191F8F9C3B007D3D90 /* OpenVPNAdapter.h in Headers */ = {isa = PBXBuildFile; fileRef = ABD6EF151F8F9C37007D3D90 /* OpenVPNAdapter.h */; settings = {ATTRIBUTES = (Public, ); }; };
		ABD6EF1A1F8F9C3B007D3D90 /* OpenVPNAdapter.mm in Sources */ = {isa = PBXBuildFile; fileRef = ABD6EF161F8F9C38007D3D90 /* OpenVPNAdapter.mm */; };
		C90BAD311E73FF6C00DEFB32 /* SystemConfiguration.framework in Frameworks */ = {isa = PBXBuildFile; fileRef = C90BAD301E73FF6C00DEFB32 /* SystemConfiguration.framework */; };
		C912BB251E7C3339002B9414 /* NetworkExtension.framework in Frameworks */ = {isa = PBXBuildFile; fileRef = C912BB241E7C3339002B9414 /* NetworkExtension.framework */; };
		C915F1F41F612F3300B3DF23 /* OpenVPNPrivateKey.h in Headers */ = {isa = PBXBuildFile; fileRef = C915F1F21F612F3300B3DF23 /* OpenVPNPrivateKey.h */; settings = {ATTRIBUTES = (Public, ); }; };
		C915F1F51F612F3300B3DF23 /* OpenVPNPrivateKey.h in Headers */ = {isa = PBXBuildFile; fileRef = C915F1F21F612F3300B3DF23 /* OpenVPNPrivateKey.h */; settings = {ATTRIBUTES = (Public, ); }; };
		C915F1F61F612F3300B3DF23 /* OpenVPNPrivateKey.m in Sources */ = {isa = PBXBuildFile; fileRef = C915F1F31F612F3300B3DF23 /* OpenVPNPrivateKey.m */; };
		C915F1F71F612F3300B3DF23 /* OpenVPNPrivateKey.m in Sources */ = {isa = PBXBuildFile; fileRef = C915F1F31F612F3300B3DF23 /* OpenVPNPrivateKey.m */; };
		C915F1F91F615BB400B3DF23 /* OpenVPNPrivateKeyTests.swift in Sources */ = {isa = PBXBuildFile; fileRef = C915F1F81F615BB400B3DF23 /* OpenVPNPrivateKeyTests.swift */; };
		C915F1FA1F615BB400B3DF23 /* OpenVPNPrivateKeyTests.swift in Sources */ = {isa = PBXBuildFile; fileRef = C915F1F81F615BB400B3DF23 /* OpenVPNPrivateKeyTests.swift */; };
		C915F1FE1F6164CF00B3DF23 /* OpenVPNKeyType.h in Headers */ = {isa = PBXBuildFile; fileRef = C915F1FD1F6164CF00B3DF23 /* OpenVPNKeyType.h */; settings = {ATTRIBUTES = (Public, ); }; };
		C915F1FF1F6164CF00B3DF23 /* OpenVPNKeyType.h in Headers */ = {isa = PBXBuildFile; fileRef = C915F1FD1F6164CF00B3DF23 /* OpenVPNKeyType.h */; settings = {ATTRIBUTES = (Public, ); }; };
		C915F21F1F6199E300B3DF23 /* keyfile-encrypted.3des in Resources */ = {isa = PBXBuildFile; fileRef = C915F21E1F6199E300B3DF23 /* keyfile-encrypted.3des */; };
		C915F2201F6199E300B3DF23 /* keyfile-encrypted.3des in Resources */ = {isa = PBXBuildFile; fileRef = C915F21E1F6199E300B3DF23 /* keyfile-encrypted.3des */; };
		C915F2221F61B0E700B3DF23 /* keyfile-decrypted.3des in Resources */ = {isa = PBXBuildFile; fileRef = C915F2211F61B0E700B3DF23 /* keyfile-decrypted.3des */; };
		C915F2231F61B0E700B3DF23 /* keyfile-decrypted.3des in Resources */ = {isa = PBXBuildFile; fileRef = C915F2211F61B0E700B3DF23 /* keyfile-decrypted.3des */; };
		C915F2251F61B22300B3DF23 /* test-ca.crt in Resources */ = {isa = PBXBuildFile; fileRef = C915F2241F61B22300B3DF23 /* test-ca.crt */; };
		C915F2261F61B22300B3DF23 /* test-ca.crt in Resources */ = {isa = PBXBuildFile; fileRef = C915F2241F61B22300B3DF23 /* test-ca.crt */; };
		C9354F451F1E4A4500F4C935 /* OpenVPNReachabilityStatus.h in Headers */ = {isa = PBXBuildFile; fileRef = C9B795681F1D219C00CF35FE /* OpenVPNReachabilityStatus.h */; settings = {ATTRIBUTES = (Public, ); }; };
		C9354F461F1E4A4600F4C935 /* OpenVPNReachabilityStatus.h in Headers */ = {isa = PBXBuildFile; fileRef = C9B795681F1D219C00CF35FE /* OpenVPNReachabilityStatus.h */; settings = {ATTRIBUTES = (Public, ); }; };
		C9354F471F1E4AE200F4C935 /* OpenVPNReachabilityTests.swift in Sources */ = {isa = PBXBuildFile; fileRef = C9354F431F1E49A500F4C935 /* OpenVPNReachabilityTests.swift */; };
		C93779D51EAE32670030A362 /* OpenVPNCredentials.h in Headers */ = {isa = PBXBuildFile; fileRef = C93779D31EAE32670030A362 /* OpenVPNCredentials.h */; settings = {ATTRIBUTES = (Public, ); }; };
		C93779D61EAE32670030A362 /* OpenVPNCredentials.h in Headers */ = {isa = PBXBuildFile; fileRef = C93779D31EAE32670030A362 /* OpenVPNCredentials.h */; settings = {ATTRIBUTES = (Public, ); }; };
		C93779D71EAE32670030A362 /* OpenVPNCredentials.mm in Sources */ = {isa = PBXBuildFile; fileRef = C93779D41EAE32670030A362 /* OpenVPNCredentials.mm */; };
		C93779D81EAE32670030A362 /* OpenVPNCredentials.mm in Sources */ = {isa = PBXBuildFile; fileRef = C93779D41EAE32670030A362 /* OpenVPNCredentials.mm */; };
		C93779DB1EAE32880030A362 /* OpenVPNCredentials+Internal.h in Headers */ = {isa = PBXBuildFile; fileRef = C93779D91EAE32880030A362 /* OpenVPNCredentials+Internal.h */; };
		C93779DC1EAE32880030A362 /* OpenVPNCredentials+Internal.h in Headers */ = {isa = PBXBuildFile; fileRef = C93779D91EAE32880030A362 /* OpenVPNCredentials+Internal.h */; };
		C93A4F621EE18009004DC561 /* OpenVPNError.m in Sources */ = {isa = PBXBuildFile; fileRef = C93A4F611EE18009004DC561 /* OpenVPNError.m */; };
		C93A4F631EE18009004DC561 /* OpenVPNError.m in Sources */ = {isa = PBXBuildFile; fileRef = C93A4F611EE18009004DC561 /* OpenVPNError.m */; };
		C94605E91EAA656B00971516 /* OpenVPNConfigurationTests.swift in Sources */ = {isa = PBXBuildFile; fileRef = C94605E81EAA656B00971516 /* OpenVPNConfigurationTests.swift */; };
		C94605EA1EAA65F200971516 /* OpenVPNConfigurationTests.swift in Sources */ = {isa = PBXBuildFile; fileRef = C94605E81EAA656B00971516 /* OpenVPNConfigurationTests.swift */; };
		C9657A171EB0A7F800EFF210 /* OpenVPNConnectionInfo.h in Headers */ = {isa = PBXBuildFile; fileRef = C9657A151EB0A7F800EFF210 /* OpenVPNConnectionInfo.h */; settings = {ATTRIBUTES = (Public, ); }; };
		C9657A181EB0A7F800EFF210 /* OpenVPNConnectionInfo.h in Headers */ = {isa = PBXBuildFile; fileRef = C9657A151EB0A7F800EFF210 /* OpenVPNConnectionInfo.h */; settings = {ATTRIBUTES = (Public, ); }; };
		C9657A1D1EB0A8D800EFF210 /* OpenVPNConnectionInfo+Internal.h in Headers */ = {isa = PBXBuildFile; fileRef = C9657A1B1EB0A8D800EFF210 /* OpenVPNConnectionInfo+Internal.h */; };
		C9657A1E1EB0A8D800EFF210 /* OpenVPNConnectionInfo+Internal.h in Headers */ = {isa = PBXBuildFile; fileRef = C9657A1B1EB0A8D800EFF210 /* OpenVPNConnectionInfo+Internal.h */; };
		C9657A211EB0ACAE00EFF210 /* OpenVPNConnectionInfo.mm in Sources */ = {isa = PBXBuildFile; fileRef = C9657A161EB0A7F800EFF210 /* OpenVPNConnectionInfo.mm */; };
		C9657A221EB0ACAE00EFF210 /* OpenVPNConnectionInfo.mm in Sources */ = {isa = PBXBuildFile; fileRef = C9657A161EB0A7F800EFF210 /* OpenVPNConnectionInfo.mm */; };
		C9657A251EB0B60200EFF210 /* OpenVPNTransportStats.h in Headers */ = {isa = PBXBuildFile; fileRef = C9657A231EB0B60200EFF210 /* OpenVPNTransportStats.h */; settings = {ATTRIBUTES = (Public, ); }; };
		C9657A261EB0B60200EFF210 /* OpenVPNTransportStats.h in Headers */ = {isa = PBXBuildFile; fileRef = C9657A231EB0B60200EFF210 /* OpenVPNTransportStats.h */; settings = {ATTRIBUTES = (Public, ); }; };
		C9657A2B1EB0B6FA00EFF210 /* OpenVPNTransportStats+Internal.h in Headers */ = {isa = PBXBuildFile; fileRef = C9657A291EB0B6FA00EFF210 /* OpenVPNTransportStats+Internal.h */; };
		C9657A2F1EB0B79500EFF210 /* OpenVPNTransportStats+Internal.h in Headers */ = {isa = PBXBuildFile; fileRef = C9657A291EB0B6FA00EFF210 /* OpenVPNTransportStats+Internal.h */; };
		C9657A301EB0B7A600EFF210 /* OpenVPNTransportStats.mm in Sources */ = {isa = PBXBuildFile; fileRef = C9657A241EB0B60200EFF210 /* OpenVPNTransportStats.mm */; };
		C9657A311EB0B7A900EFF210 /* OpenVPNTransportStats.mm in Sources */ = {isa = PBXBuildFile; fileRef = C9657A241EB0B60200EFF210 /* OpenVPNTransportStats.mm */; };
		C9657A341EB0BA3900EFF210 /* OpenVPNInterfaceStats.h in Headers */ = {isa = PBXBuildFile; fileRef = C9657A321EB0BA3900EFF210 /* OpenVPNInterfaceStats.h */; settings = {ATTRIBUTES = (Public, ); }; };
		C9657A351EB0BA3900EFF210 /* OpenVPNInterfaceStats.h in Headers */ = {isa = PBXBuildFile; fileRef = C9657A321EB0BA3900EFF210 /* OpenVPNInterfaceStats.h */; settings = {ATTRIBUTES = (Public, ); }; };
		C9657A361EB0BA3900EFF210 /* OpenVPNInterfaceStats.mm in Sources */ = {isa = PBXBuildFile; fileRef = C9657A331EB0BA3900EFF210 /* OpenVPNInterfaceStats.mm */; };
		C9657A371EB0BA3900EFF210 /* OpenVPNInterfaceStats.mm in Sources */ = {isa = PBXBuildFile; fileRef = C9657A331EB0BA3900EFF210 /* OpenVPNInterfaceStats.mm */; };
		C9657A3A1EB0BAAB00EFF210 /* OpenVPNInterfaceStats+Internal.h in Headers */ = {isa = PBXBuildFile; fileRef = C9657A381EB0BAAB00EFF210 /* OpenVPNInterfaceStats+Internal.h */; };
		C9657A3B1EB0BAAB00EFF210 /* OpenVPNInterfaceStats+Internal.h in Headers */ = {isa = PBXBuildFile; fileRef = C9657A381EB0BAAB00EFF210 /* OpenVPNInterfaceStats+Internal.h */; };
		C9657A401EB0CAC200EFF210 /* OpenVPNServerEntry.h in Headers */ = {isa = PBXBuildFile; fileRef = C9657A3E1EB0CAC200EFF210 /* OpenVPNServerEntry.h */; settings = {ATTRIBUTES = (Public, ); }; };
		C9657A411EB0CAC200EFF210 /* OpenVPNServerEntry.h in Headers */ = {isa = PBXBuildFile; fileRef = C9657A3E1EB0CAC200EFF210 /* OpenVPNServerEntry.h */; settings = {ATTRIBUTES = (Public, ); }; };
		C9657A421EB0CAC200EFF210 /* OpenVPNServerEntry.mm in Sources */ = {isa = PBXBuildFile; fileRef = C9657A3F1EB0CAC200EFF210 /* OpenVPNServerEntry.mm */; };
		C9657A431EB0CAC200EFF210 /* OpenVPNServerEntry.mm in Sources */ = {isa = PBXBuildFile; fileRef = C9657A3F1EB0CAC200EFF210 /* OpenVPNServerEntry.mm */; };
		C9657A461EB0CB5900EFF210 /* OpenVPNServerEntry+Internal.h in Headers */ = {isa = PBXBuildFile; fileRef = C9657A441EB0CB5900EFF210 /* OpenVPNServerEntry+Internal.h */; };
		C9657A471EB0CB5900EFF210 /* OpenVPNServerEntry+Internal.h in Headers */ = {isa = PBXBuildFile; fileRef = C9657A441EB0CB5900EFF210 /* OpenVPNServerEntry+Internal.h */; };
		C9657A4C1EB0CD6C00EFF210 /* OpenVPNProperties.h in Headers */ = {isa = PBXBuildFile; fileRef = C9657A4A1EB0CD6C00EFF210 /* OpenVPNProperties.h */; settings = {ATTRIBUTES = (Public, ); }; };
		C9657A4D1EB0CD6C00EFF210 /* OpenVPNProperties.h in Headers */ = {isa = PBXBuildFile; fileRef = C9657A4A1EB0CD6C00EFF210 /* OpenVPNProperties.h */; settings = {ATTRIBUTES = (Public, ); }; };
		C9657A561EB0CDFA00EFF210 /* OpenVPNProperties+Internal.h in Headers */ = {isa = PBXBuildFile; fileRef = C9657A501EB0CD9200EFF210 /* OpenVPNProperties+Internal.h */; };
		C9657A571EB0CDFB00EFF210 /* OpenVPNProperties+Internal.h in Headers */ = {isa = PBXBuildFile; fileRef = C9657A501EB0CD9200EFF210 /* OpenVPNProperties+Internal.h */; };
		C9657A581EB0CE1300EFF210 /* OpenVPNProperties.mm in Sources */ = {isa = PBXBuildFile; fileRef = C9657A4B1EB0CD6C00EFF210 /* OpenVPNProperties.mm */; };
		C9657A591EB0CE1400EFF210 /* OpenVPNProperties.mm in Sources */ = {isa = PBXBuildFile; fileRef = C9657A4B1EB0CD6C00EFF210 /* OpenVPNProperties.mm */; };
		C9657A5E1EB0D60700EFF210 /* OpenVPNTransportProtocol.h in Headers */ = {isa = PBXBuildFile; fileRef = C9657A5D1EB0D60700EFF210 /* OpenVPNTransportProtocol.h */; settings = {ATTRIBUTES = (Public, ); }; };
		C9657A5F1EB0D60700EFF210 /* OpenVPNTransportProtocol.h in Headers */ = {isa = PBXBuildFile; fileRef = C9657A5D1EB0D60700EFF210 /* OpenVPNTransportProtocol.h */; settings = {ATTRIBUTES = (Public, ); }; };
		C9657A611EB0D64E00EFF210 /* OpenVPNIPv6Preference.h in Headers */ = {isa = PBXBuildFile; fileRef = C9657A601EB0D64E00EFF210 /* OpenVPNIPv6Preference.h */; settings = {ATTRIBUTES = (Public, ); }; };
		C9657A621EB0D64E00EFF210 /* OpenVPNIPv6Preference.h in Headers */ = {isa = PBXBuildFile; fileRef = C9657A601EB0D64E00EFF210 /* OpenVPNIPv6Preference.h */; settings = {ATTRIBUTES = (Public, ); }; };
		C9657A641EB0D6C200EFF210 /* OpenVPNCompressionMode.h in Headers */ = {isa = PBXBuildFile; fileRef = C9657A631EB0D6AD00EFF210 /* OpenVPNCompressionMode.h */; settings = {ATTRIBUTES = (Public, ); }; };
		C9657A651EB0D6C200EFF210 /* OpenVPNCompressionMode.h in Headers */ = {isa = PBXBuildFile; fileRef = C9657A631EB0D6AD00EFF210 /* OpenVPNCompressionMode.h */; settings = {ATTRIBUTES = (Public, ); }; };
		C9657A671EB0D73200EFF210 /* OpenVPNMinTLSVersion.h in Headers */ = {isa = PBXBuildFile; fileRef = C9657A661EB0D73200EFF210 /* OpenVPNMinTLSVersion.h */; settings = {ATTRIBUTES = (Public, ); }; };
		C9657A681EB0D73200EFF210 /* OpenVPNMinTLSVersion.h in Headers */ = {isa = PBXBuildFile; fileRef = C9657A661EB0D73200EFF210 /* OpenVPNMinTLSVersion.h */; settings = {ATTRIBUTES = (Public, ); }; };
		C9657A6A1EB0D75700EFF210 /* OpenVPNTLSCertProfile.h in Headers */ = {isa = PBXBuildFile; fileRef = C9657A691EB0D75700EFF210 /* OpenVPNTLSCertProfile.h */; settings = {ATTRIBUTES = (Public, ); }; };
		C9657A6B1EB0D75700EFF210 /* OpenVPNTLSCertProfile.h in Headers */ = {isa = PBXBuildFile; fileRef = C9657A691EB0D75700EFF210 /* OpenVPNTLSCertProfile.h */; settings = {ATTRIBUTES = (Public, ); }; };
		C9659C3D2042CE67006FEFA8 /* UIKit.framework in Frameworks */ = {isa = PBXBuildFile; fileRef = C9659C3C2042CE66006FEFA8 /* UIKit.framework */; };
		C98467A21EAA559B00272A9A /* local_vpn_server.ovpn in Resources */ = {isa = PBXBuildFile; fileRef = C98467A11EAA559B00272A9A /* local_vpn_server.ovpn */; };
		C98467A31EAA559B00272A9A /* local_vpn_server.ovpn in Resources */ = {isa = PBXBuildFile; fileRef = C98467A11EAA559B00272A9A /* local_vpn_server.ovpn */; };
		C98467A61EAA5B7700272A9A /* OpenVPNConfiguration.h in Headers */ = {isa = PBXBuildFile; fileRef = C98467A41EAA5B7700272A9A /* OpenVPNConfiguration.h */; settings = {ATTRIBUTES = (Public, ); }; };
		C98467A71EAA5B7700272A9A /* OpenVPNConfiguration.h in Headers */ = {isa = PBXBuildFile; fileRef = C98467A41EAA5B7700272A9A /* OpenVPNConfiguration.h */; settings = {ATTRIBUTES = (Public, ); }; };
		C98467A81EAA5B7700272A9A /* OpenVPNConfiguration.mm in Sources */ = {isa = PBXBuildFile; fileRef = C98467A51EAA5B7700272A9A /* OpenVPNConfiguration.mm */; };
		C98467A91EAA5B7700272A9A /* OpenVPNConfiguration.mm in Sources */ = {isa = PBXBuildFile; fileRef = C98467A51EAA5B7700272A9A /* OpenVPNConfiguration.mm */; };
		C98467AB1EAA5BE100272A9A /* OpenVPNConfiguration+Internal.h in Headers */ = {isa = PBXBuildFile; fileRef = C98467AA1EAA5BB500272A9A /* OpenVPNConfiguration+Internal.h */; };
		C98467AC1EAA5BE200272A9A /* OpenVPNConfiguration+Internal.h in Headers */ = {isa = PBXBuildFile; fileRef = C98467AA1EAA5BB500272A9A /* OpenVPNConfiguration+Internal.h */; };
		C9B03A7C1EABA82200268B85 /* ProfileLoader.swift in Sources */ = {isa = PBXBuildFile; fileRef = C9B03A7A1EABA6B500268B85 /* ProfileLoader.swift */; };
		C9B03A7D1EABA82300268B85 /* ProfileLoader.swift in Sources */ = {isa = PBXBuildFile; fileRef = C9B03A7A1EABA6B500268B85 /* ProfileLoader.swift */; };
		C9B7955E1F1D16AA00CF35FE /* OpenVPNReachability.h in Headers */ = {isa = PBXBuildFile; fileRef = C9B7955C1F1D16AA00CF35FE /* OpenVPNReachability.h */; settings = {ATTRIBUTES = (Public, ); }; };
		C9B7955F1F1D16AA00CF35FE /* OpenVPNReachability.h in Headers */ = {isa = PBXBuildFile; fileRef = C9B7955C1F1D16AA00CF35FE /* OpenVPNReachability.h */; settings = {ATTRIBUTES = (Public, ); }; };
		C9B795601F1D16AA00CF35FE /* OpenVPNReachability.mm in Sources */ = {isa = PBXBuildFile; fileRef = C9B7955D1F1D16AA00CF35FE /* OpenVPNReachability.mm */; };
		C9B795611F1D16AA00CF35FE /* OpenVPNReachability.mm in Sources */ = {isa = PBXBuildFile; fileRef = C9B7955D1F1D16AA00CF35FE /* OpenVPNReachability.mm */; };
		C9B795641F1D182500CF35FE /* OpenVPNReachabilityTracker.h in Headers */ = {isa = PBXBuildFile; fileRef = C9B795621F1D182500CF35FE /* OpenVPNReachabilityTracker.h */; };
		C9B795651F1D182500CF35FE /* OpenVPNReachabilityTracker.h in Headers */ = {isa = PBXBuildFile; fileRef = C9B795621F1D182500CF35FE /* OpenVPNReachabilityTracker.h */; };
		C9B795661F1D182500CF35FE /* OpenVPNReachabilityTracker.mm in Sources */ = {isa = PBXBuildFile; fileRef = C9B795631F1D182500CF35FE /* OpenVPNReachabilityTracker.mm */; };
		C9B795671F1D182500CF35FE /* OpenVPNReachabilityTracker.mm in Sources */ = {isa = PBXBuildFile; fileRef = C9B795631F1D182500CF35FE /* OpenVPNReachabilityTracker.mm */; };
		C9B7956B1F1D26C900CF35FE /* OpenVPNReachability+Internal.h in Headers */ = {isa = PBXBuildFile; fileRef = C9B795691F1D26C900CF35FE /* OpenVPNReachability+Internal.h */; };
		C9B7956C1F1D26C900CF35FE /* OpenVPNReachability+Internal.h in Headers */ = {isa = PBXBuildFile; fileRef = C9B795691F1D26C900CF35FE /* OpenVPNReachability+Internal.h */; };
		C9BB47601E71663A00F3F98C /* Umbrella-Header.h in Headers */ = {isa = PBXBuildFile; fileRef = C9BB475E1E71663A00F3F98C /* Umbrella-Header.h */; settings = {ATTRIBUTES = (Public, ); }; };
		C9BB47711E7171A100F3F98C /* OpenVPNError.h in Headers */ = {isa = PBXBuildFile; fileRef = C9BB476F1E7171A100F3F98C /* OpenVPNError.h */; settings = {ATTRIBUTES = (Public, ); }; };
		C9BB47721E7171A100F3F98C /* OpenVPNAdapterEvent.h in Headers */ = {isa = PBXBuildFile; fileRef = C9BB47701E7171A100F3F98C /* OpenVPNAdapterEvent.h */; settings = {ATTRIBUTES = (Public, ); }; };
		C9BB47911E71821A00F3F98C /* OpenVPNAdapterTests.swift in Sources */ = {isa = PBXBuildFile; fileRef = C9BB47901E71821A00F3F98C /* OpenVPNAdapterTests.swift */; };
		C9BB47931E71821A00F3F98C /* OpenVPNAdapter.framework in Frameworks */ = {isa = PBXBuildFile; fileRef = C9BB475C1E71663A00F3F98C /* OpenVPNAdapter.framework */; };
		C9BB47A21E7183DB00F3F98C /* Bundle.swift in Sources */ = {isa = PBXBuildFile; fileRef = C9BB47A11E7183DB00F3F98C /* Bundle.swift */; };
		C9BCE2581EB3C0D9009D6AC1 /* OpenVPNSessionToken.h in Headers */ = {isa = PBXBuildFile; fileRef = C9BCE2561EB3C0D9009D6AC1 /* OpenVPNSessionToken.h */; settings = {ATTRIBUTES = (Public, ); }; };
		C9BCE2591EB3C0D9009D6AC1 /* OpenVPNSessionToken.h in Headers */ = {isa = PBXBuildFile; fileRef = C9BCE2561EB3C0D9009D6AC1 /* OpenVPNSessionToken.h */; settings = {ATTRIBUTES = (Public, ); }; };
		C9BCE25A1EB3C0D9009D6AC1 /* OpenVPNSessionToken.mm in Sources */ = {isa = PBXBuildFile; fileRef = C9BCE2571EB3C0D9009D6AC1 /* OpenVPNSessionToken.mm */; };
		C9BCE25B1EB3C0D9009D6AC1 /* OpenVPNSessionToken.mm in Sources */ = {isa = PBXBuildFile; fileRef = C9BCE2571EB3C0D9009D6AC1 /* OpenVPNSessionToken.mm */; };
		C9BCE25E1EB3C201009D6AC1 /* OpenVPNSessionToken+Internal.h in Headers */ = {isa = PBXBuildFile; fileRef = C9BCE25C1EB3C201009D6AC1 /* OpenVPNSessionToken+Internal.h */; };
		C9BCE25F1EB3C201009D6AC1 /* OpenVPNSessionToken+Internal.h in Headers */ = {isa = PBXBuildFile; fileRef = C9BCE25C1EB3C201009D6AC1 /* OpenVPNSessionToken+Internal.h */; };
		C9C1E4101FA47117006ECA7D /* remote_vpn_server.ovpn in Resources */ = {isa = PBXBuildFile; fileRef = C9C1E40F1FA47117006ECA7D /* remote_vpn_server.ovpn */; };
		C9C1E4111FA47117006ECA7D /* remote_vpn_server.ovpn in Resources */ = {isa = PBXBuildFile; fileRef = C9C1E40F1FA47117006ECA7D /* remote_vpn_server.ovpn */; };
		C9C1E4141FA475B7006ECA7D /* CustomFlow.swift in Sources */ = {isa = PBXBuildFile; fileRef = C9C1E4131FA475B7006ECA7D /* CustomFlow.swift */; };
		C9C1E4151FA475B7006ECA7D /* CustomFlow.swift in Sources */ = {isa = PBXBuildFile; fileRef = C9C1E4131FA475B7006ECA7D /* CustomFlow.swift */; };
		C9C2B2B7200CB42F00CA0FF3 /* OpenVPNAdapterPacketFlow.h in Headers */ = {isa = PBXBuildFile; fileRef = C9C2B2B6200CB42F00CA0FF3 /* OpenVPNAdapterPacketFlow.h */; settings = {ATTRIBUTES = (Public, ); }; };
		C9C2B2B8200CB42F00CA0FF3 /* OpenVPNAdapterPacketFlow.h in Headers */ = {isa = PBXBuildFile; fileRef = C9C2B2B6200CB42F00CA0FF3 /* OpenVPNAdapterPacketFlow.h */; settings = {ATTRIBUTES = (Public, ); }; };
		C9C2B2BB200CC42A00CA0FF3 /* OpenVPNPacket.h in Headers */ = {isa = PBXBuildFile; fileRef = C9C2B2B9200CC42A00CA0FF3 /* OpenVPNPacket.h */; };
		C9C2B2BC200CC42A00CA0FF3 /* OpenVPNPacket.h in Headers */ = {isa = PBXBuildFile; fileRef = C9C2B2B9200CC42A00CA0FF3 /* OpenVPNPacket.h */; };
		C9C2B2BD200CC42A00CA0FF3 /* OpenVPNPacket.mm in Sources */ = {isa = PBXBuildFile; fileRef = C9C2B2BA200CC42A00CA0FF3 /* OpenVPNPacket.mm */; };
		C9C2B2BE200CC42A00CA0FF3 /* OpenVPNPacket.mm in Sources */ = {isa = PBXBuildFile; fileRef = C9C2B2BA200CC42A00CA0FF3 /* OpenVPNPacket.mm */; };
		C9CA4DD31F602F7B00C4F184 /* OpenVPNCertificate.h in Headers */ = {isa = PBXBuildFile; fileRef = C9CA4DD11F602F7B00C4F184 /* OpenVPNCertificate.h */; settings = {ATTRIBUTES = (Public, ); }; };
		C9CA4DD41F602F7B00C4F184 /* OpenVPNCertificate.h in Headers */ = {isa = PBXBuildFile; fileRef = C9CA4DD11F602F7B00C4F184 /* OpenVPNCertificate.h */; settings = {ATTRIBUTES = (Public, ); }; };
		C9CA4DD51F602F7B00C4F184 /* OpenVPNCertificate.m in Sources */ = {isa = PBXBuildFile; fileRef = C9CA4DD21F602F7B00C4F184 /* OpenVPNCertificate.m */; };
		C9CA4DD61F602F7B00C4F184 /* OpenVPNCertificate.m in Sources */ = {isa = PBXBuildFile; fileRef = C9CA4DD21F602F7B00C4F184 /* OpenVPNCertificate.m */; };
		C9CA4DE11F603A5300C4F184 /* OpenVPNCertificateTests.swift in Sources */ = {isa = PBXBuildFile; fileRef = C9CA4DE01F603A5300C4F184 /* OpenVPNCertificateTests.swift */; };
		C9CA4DE21F603A5300C4F184 /* OpenVPNCertificateTests.swift in Sources */ = {isa = PBXBuildFile; fileRef = C9CA4DE01F603A5300C4F184 /* OpenVPNCertificateTests.swift */; };
		C9CDFDDB200781AF00323B73 /* OpenVPNClient.h in Headers */ = {isa = PBXBuildFile; fileRef = C9CDFDD9200781AF00323B73 /* OpenVPNClient.h */; };
		C9CDFDDC200781AF00323B73 /* OpenVPNClient.h in Headers */ = {isa = PBXBuildFile; fileRef = C9CDFDD9200781AF00323B73 /* OpenVPNClient.h */; };
		C9CDFDDD200781AF00323B73 /* OpenVPNClient.mm in Sources */ = {isa = PBXBuildFile; fileRef = C9CDFDDA200781AF00323B73 /* OpenVPNClient.mm */; };
		C9CDFDDE200781AF00323B73 /* OpenVPNClient.mm in Sources */ = {isa = PBXBuildFile; fileRef = C9CDFDDA200781AF00323B73 /* OpenVPNClient.mm */; };
		C9D2ABDE1EA20F99007EDF9D /* ovpncli.cpp in Sources */ = {isa = PBXBuildFile; fileRef = C9FD92191E9A667600374FC4 /* ovpncli.cpp */; };
		C9D2ABE01EA20F99007EDF9D /* NetworkExtension.framework in Frameworks */ = {isa = PBXBuildFile; fileRef = C912BB241E7C3339002B9414 /* NetworkExtension.framework */; };
		C9D2ABE11EA20F99007EDF9D /* SystemConfiguration.framework in Frameworks */ = {isa = PBXBuildFile; fileRef = C90BAD301E73FF6C00DEFB32 /* SystemConfiguration.framework */; };
		C9D2ABE41EA20F99007EDF9D /* OpenVPNAdapterEvent.h in Headers */ = {isa = PBXBuildFile; fileRef = C9BB47701E7171A100F3F98C /* OpenVPNAdapterEvent.h */; settings = {ATTRIBUTES = (Public, ); }; };
		C9D2ABE61EA20F99007EDF9D /* Umbrella-Header.h in Headers */ = {isa = PBXBuildFile; fileRef = C9BB475E1E71663A00F3F98C /* Umbrella-Header.h */; settings = {ATTRIBUTES = (Public, ); }; };
		C9D2ABE81EA20F99007EDF9D /* OpenVPNError.h in Headers */ = {isa = PBXBuildFile; fileRef = C9BB476F1E7171A100F3F98C /* OpenVPNError.h */; settings = {ATTRIBUTES = (Public, ); }; };
		C9D2ABEA1EA20F99007EDF9D /* ovpncli.hpp in Headers */ = {isa = PBXBuildFile; fileRef = C9FD92181E9A667600374FC4 /* ovpncli.hpp */; };
		C9D2ABF61EA212A3007EDF9D /* OpenVPNAdapterTests.swift in Sources */ = {isa = PBXBuildFile; fileRef = C9BB47901E71821A00F3F98C /* OpenVPNAdapterTests.swift */; };
		C9D2ABF71EA212A3007EDF9D /* Bundle.swift in Sources */ = {isa = PBXBuildFile; fileRef = C9BB47A11E7183DB00F3F98C /* Bundle.swift */; };
		C9D2AC051EA214EA007EDF9D /* OpenVPNAdapter.framework in Frameworks */ = {isa = PBXBuildFile; fileRef = C9D2ABF01EA20F99007EDF9D /* OpenVPNAdapter.framework */; };
		C9E350C1200F6EC0000820D9 /* NSError+OpenVPNError.h in Headers */ = {isa = PBXBuildFile; fileRef = C9E350BF200F6EC0000820D9 /* NSError+OpenVPNError.h */; };
		C9E350C2200F6EC0000820D9 /* NSError+OpenVPNError.h in Headers */ = {isa = PBXBuildFile; fileRef = C9E350BF200F6EC0000820D9 /* NSError+OpenVPNError.h */; };
		C9E350C3200F6EC0000820D9 /* NSError+OpenVPNError.m in Sources */ = {isa = PBXBuildFile; fileRef = C9E350C0200F6EC0000820D9 /* NSError+OpenVPNError.m */; };
		C9E350C4200F6EC0000820D9 /* NSError+OpenVPNError.m in Sources */ = {isa = PBXBuildFile; fileRef = C9E350C0200F6EC0000820D9 /* NSError+OpenVPNError.m */; };
		C9FD921A1E9A667600374FC4 /* ovpncli.hpp in Headers */ = {isa = PBXBuildFile; fileRef = C9FD92181E9A667600374FC4 /* ovpncli.hpp */; };
		C9FD921B1E9A667600374FC4 /* ovpncli.cpp in Sources */ = {isa = PBXBuildFile; fileRef = C9FD92191E9A667600374FC4 /* ovpncli.cpp */; };
/* End PBXBuildFile section */

/* Begin PBXContainerItemProxy section */
		C9D2AC011EA214D3007EDF9D /* PBXContainerItemProxy */ = {
			isa = PBXContainerItemProxy;
			containerPortal = C91030F81E471D760004DFFE /* Project object */;
			proxyType = 1;
			remoteGlobalIDString = C9BB475B1E71663A00F3F98C;
			remoteInfo = "OpenVPN Adapter iOS";
		};
		C9D2AC031EA214DF007EDF9D /* PBXContainerItemProxy */ = {
			isa = PBXContainerItemProxy;
			containerPortal = C91030F81E471D760004DFFE /* Project object */;
			proxyType = 1;
			remoteGlobalIDString = C9D2ABD81EA20F99007EDF9D;
			remoteInfo = "OpenVPN Adapter macOS";
		};
/* End PBXContainerItemProxy section */

/* Begin PBXFileReference section */
		ABD6EF071F8F8CCD007D3D90 /* OpenVPNNetworkSettingsBuilder.h */ = {isa = PBXFileReference; lastKnownFileType = sourcecode.c.h; path = OpenVPNNetworkSettingsBuilder.h; sourceTree = "<group>"; };
		ABD6EF081F8F8CCD007D3D90 /* OpenVPNNetworkSettingsBuilder.m */ = {isa = PBXFileReference; lastKnownFileType = sourcecode.c.objc; path = OpenVPNNetworkSettingsBuilder.m; sourceTree = "<group>"; };
		ABD6EF0E1F8F93AB007D3D90 /* OpenVPNPacketFlowBridge.h */ = {isa = PBXFileReference; lastKnownFileType = sourcecode.c.h; path = OpenVPNPacketFlowBridge.h; sourceTree = "<group>"; };
		ABD6EF0F1F8F93AB007D3D90 /* OpenVPNPacketFlowBridge.mm */ = {isa = PBXFileReference; lastKnownFileType = sourcecode.cpp.objcpp; path = OpenVPNPacketFlowBridge.mm; sourceTree = "<group>"; };
		ABD6EF151F8F9C37007D3D90 /* OpenVPNAdapter.h */ = {isa = PBXFileReference; fileEncoding = 4; lastKnownFileType = sourcecode.c.h; path = OpenVPNAdapter.h; sourceTree = "<group>"; };
		ABD6EF161F8F9C38007D3D90 /* OpenVPNAdapter.mm */ = {isa = PBXFileReference; fileEncoding = 4; lastKnownFileType = sourcecode.cpp.objcpp; path = OpenVPNAdapter.mm; sourceTree = "<group>"; };
		C90BAD261E73F47E00DEFB32 /* Info-Framework.plist */ = {isa = PBXFileReference; lastKnownFileType = text.plist.xml; path = "Info-Framework.plist"; sourceTree = "<group>"; };
		C90BAD271E73F47E00DEFB32 /* Info-Tests.plist */ = {isa = PBXFileReference; lastKnownFileType = text.plist.xml; path = "Info-Tests.plist"; sourceTree = "<group>"; };
		C90BAD291E73F56800DEFB32 /* Framework.xcconfig */ = {isa = PBXFileReference; lastKnownFileType = text.xcconfig; path = Framework.xcconfig; sourceTree = "<group>"; };
		C90BAD2A1E73F5AF00DEFB32 /* Project.xcconfig */ = {isa = PBXFileReference; lastKnownFileType = text.xcconfig; path = Project.xcconfig; sourceTree = "<group>"; };
		C90BAD2B1E73F69500DEFB32 /* Debug.xcconfig */ = {isa = PBXFileReference; fileEncoding = 4; lastKnownFileType = text.xcconfig; path = Debug.xcconfig; sourceTree = "<group>"; };
		C90BAD2C1E73F69500DEFB32 /* Release.xcconfig */ = {isa = PBXFileReference; fileEncoding = 4; lastKnownFileType = text.xcconfig; path = Release.xcconfig; sourceTree = "<group>"; };
		C90BAD2F1E73FA7400DEFB32 /* Tests.xcconfig */ = {isa = PBXFileReference; lastKnownFileType = text.xcconfig; path = Tests.xcconfig; sourceTree = "<group>"; };
		C90BAD301E73FF6C00DEFB32 /* SystemConfiguration.framework */ = {isa = PBXFileReference; lastKnownFileType = wrapper.framework; name = SystemConfiguration.framework; path = System/Library/Frameworks/SystemConfiguration.framework; sourceTree = SDKROOT; };
		C912BB241E7C3339002B9414 /* NetworkExtension.framework */ = {isa = PBXFileReference; lastKnownFileType = wrapper.framework; name = NetworkExtension.framework; path = System/Library/Frameworks/NetworkExtension.framework; sourceTree = SDKROOT; };
		C915F1F21F612F3300B3DF23 /* OpenVPNPrivateKey.h */ = {isa = PBXFileReference; fileEncoding = 4; lastKnownFileType = sourcecode.c.h; path = OpenVPNPrivateKey.h; sourceTree = "<group>"; };
		C915F1F31F612F3300B3DF23 /* OpenVPNPrivateKey.m */ = {isa = PBXFileReference; fileEncoding = 4; lastKnownFileType = sourcecode.c.objc; path = OpenVPNPrivateKey.m; sourceTree = "<group>"; };
		C915F1F81F615BB400B3DF23 /* OpenVPNPrivateKeyTests.swift */ = {isa = PBXFileReference; fileEncoding = 4; lastKnownFileType = sourcecode.swift; path = OpenVPNPrivateKeyTests.swift; sourceTree = "<group>"; };
		C915F1FD1F6164CF00B3DF23 /* OpenVPNKeyType.h */ = {isa = PBXFileReference; fileEncoding = 4; lastKnownFileType = sourcecode.c.h; path = OpenVPNKeyType.h; sourceTree = "<group>"; };
		C915F21E1F6199E300B3DF23 /* keyfile-encrypted.3des */ = {isa = PBXFileReference; fileEncoding = 4; lastKnownFileType = text; path = "keyfile-encrypted.3des"; sourceTree = "<group>"; };
		C915F2211F61B0E700B3DF23 /* keyfile-decrypted.3des */ = {isa = PBXFileReference; fileEncoding = 4; lastKnownFileType = text; path = "keyfile-decrypted.3des"; sourceTree = "<group>"; };
		C915F2241F61B22300B3DF23 /* test-ca.crt */ = {isa = PBXFileReference; fileEncoding = 4; lastKnownFileType = text; path = "test-ca.crt"; sourceTree = "<group>"; };
		C9354F431F1E49A500F4C935 /* OpenVPNReachabilityTests.swift */ = {isa = PBXFileReference; fileEncoding = 4; lastKnownFileType = sourcecode.swift; path = OpenVPNReachabilityTests.swift; sourceTree = "<group>"; };
		C93779D31EAE32670030A362 /* OpenVPNCredentials.h */ = {isa = PBXFileReference; fileEncoding = 4; lastKnownFileType = sourcecode.c.h; path = OpenVPNCredentials.h; sourceTree = "<group>"; };
		C93779D41EAE32670030A362 /* OpenVPNCredentials.mm */ = {isa = PBXFileReference; fileEncoding = 4; lastKnownFileType = sourcecode.cpp.objcpp; path = OpenVPNCredentials.mm; sourceTree = "<group>"; };
		C93779D91EAE32880030A362 /* OpenVPNCredentials+Internal.h */ = {isa = PBXFileReference; fileEncoding = 4; lastKnownFileType = sourcecode.c.h; path = "OpenVPNCredentials+Internal.h"; sourceTree = "<group>"; };
		C93A4F611EE18009004DC561 /* OpenVPNError.m */ = {isa = PBXFileReference; fileEncoding = 4; lastKnownFileType = sourcecode.c.objc; path = OpenVPNError.m; sourceTree = "<group>"; };
		C94605E81EAA656B00971516 /* OpenVPNConfigurationTests.swift */ = {isa = PBXFileReference; fileEncoding = 4; lastKnownFileType = sourcecode.swift; path = OpenVPNConfigurationTests.swift; sourceTree = "<group>"; };
		C9657A151EB0A7F800EFF210 /* OpenVPNConnectionInfo.h */ = {isa = PBXFileReference; fileEncoding = 4; lastKnownFileType = sourcecode.c.h; path = OpenVPNConnectionInfo.h; sourceTree = "<group>"; };
		C9657A161EB0A7F800EFF210 /* OpenVPNConnectionInfo.mm */ = {isa = PBXFileReference; fileEncoding = 4; lastKnownFileType = sourcecode.cpp.objcpp; path = OpenVPNConnectionInfo.mm; sourceTree = "<group>"; };
		C9657A1B1EB0A8D800EFF210 /* OpenVPNConnectionInfo+Internal.h */ = {isa = PBXFileReference; fileEncoding = 4; lastKnownFileType = sourcecode.c.h; path = "OpenVPNConnectionInfo+Internal.h"; sourceTree = "<group>"; };
		C9657A231EB0B60200EFF210 /* OpenVPNTransportStats.h */ = {isa = PBXFileReference; fileEncoding = 4; lastKnownFileType = sourcecode.c.h; path = OpenVPNTransportStats.h; sourceTree = "<group>"; };
		C9657A241EB0B60200EFF210 /* OpenVPNTransportStats.mm */ = {isa = PBXFileReference; fileEncoding = 4; lastKnownFileType = sourcecode.cpp.objcpp; path = OpenVPNTransportStats.mm; sourceTree = "<group>"; };
		C9657A291EB0B6FA00EFF210 /* OpenVPNTransportStats+Internal.h */ = {isa = PBXFileReference; fileEncoding = 4; lastKnownFileType = sourcecode.c.h; path = "OpenVPNTransportStats+Internal.h"; sourceTree = "<group>"; };
		C9657A321EB0BA3900EFF210 /* OpenVPNInterfaceStats.h */ = {isa = PBXFileReference; fileEncoding = 4; lastKnownFileType = sourcecode.c.h; path = OpenVPNInterfaceStats.h; sourceTree = "<group>"; };
		C9657A331EB0BA3900EFF210 /* OpenVPNInterfaceStats.mm */ = {isa = PBXFileReference; fileEncoding = 4; lastKnownFileType = sourcecode.cpp.objcpp; path = OpenVPNInterfaceStats.mm; sourceTree = "<group>"; };
		C9657A381EB0BAAB00EFF210 /* OpenVPNInterfaceStats+Internal.h */ = {isa = PBXFileReference; fileEncoding = 4; lastKnownFileType = sourcecode.c.h; path = "OpenVPNInterfaceStats+Internal.h"; sourceTree = "<group>"; };
		C9657A3E1EB0CAC200EFF210 /* OpenVPNServerEntry.h */ = {isa = PBXFileReference; fileEncoding = 4; lastKnownFileType = sourcecode.c.h; path = OpenVPNServerEntry.h; sourceTree = "<group>"; };
		C9657A3F1EB0CAC200EFF210 /* OpenVPNServerEntry.mm */ = {isa = PBXFileReference; fileEncoding = 4; lastKnownFileType = sourcecode.cpp.objcpp; path = OpenVPNServerEntry.mm; sourceTree = "<group>"; };
		C9657A441EB0CB5900EFF210 /* OpenVPNServerEntry+Internal.h */ = {isa = PBXFileReference; fileEncoding = 4; lastKnownFileType = sourcecode.c.h; path = "OpenVPNServerEntry+Internal.h"; sourceTree = "<group>"; };
		C9657A4A1EB0CD6C00EFF210 /* OpenVPNProperties.h */ = {isa = PBXFileReference; fileEncoding = 4; lastKnownFileType = sourcecode.c.h; path = OpenVPNProperties.h; sourceTree = "<group>"; };
		C9657A4B1EB0CD6C00EFF210 /* OpenVPNProperties.mm */ = {isa = PBXFileReference; fileEncoding = 4; lastKnownFileType = sourcecode.cpp.objcpp; path = OpenVPNProperties.mm; sourceTree = "<group>"; };
		C9657A501EB0CD9200EFF210 /* OpenVPNProperties+Internal.h */ = {isa = PBXFileReference; fileEncoding = 4; lastKnownFileType = sourcecode.c.h; path = "OpenVPNProperties+Internal.h"; sourceTree = "<group>"; };
		C9657A5D1EB0D60700EFF210 /* OpenVPNTransportProtocol.h */ = {isa = PBXFileReference; fileEncoding = 4; lastKnownFileType = sourcecode.c.h; path = OpenVPNTransportProtocol.h; sourceTree = "<group>"; };
		C9657A601EB0D64E00EFF210 /* OpenVPNIPv6Preference.h */ = {isa = PBXFileReference; fileEncoding = 4; lastKnownFileType = sourcecode.c.h; path = OpenVPNIPv6Preference.h; sourceTree = "<group>"; };
		C9657A631EB0D6AD00EFF210 /* OpenVPNCompressionMode.h */ = {isa = PBXFileReference; lastKnownFileType = sourcecode.c.h; path = OpenVPNCompressionMode.h; sourceTree = "<group>"; };
		C9657A661EB0D73200EFF210 /* OpenVPNMinTLSVersion.h */ = {isa = PBXFileReference; fileEncoding = 4; lastKnownFileType = sourcecode.c.h; path = OpenVPNMinTLSVersion.h; sourceTree = "<group>"; };
		C9657A691EB0D75700EFF210 /* OpenVPNTLSCertProfile.h */ = {isa = PBXFileReference; fileEncoding = 4; lastKnownFileType = sourcecode.c.h; path = OpenVPNTLSCertProfile.h; sourceTree = "<group>"; };
		C9659C3C2042CE66006FEFA8 /* UIKit.framework */ = {isa = PBXFileReference; lastKnownFileType = wrapper.framework; name = UIKit.framework; path = Platforms/iPhoneOS.platform/Developer/SDKs/iPhoneOS11.2.sdk/System/Library/Frameworks/UIKit.framework; sourceTree = DEVELOPER_DIR; };
		C98467A11EAA559B00272A9A /* local_vpn_server.ovpn */ = {isa = PBXFileReference; fileEncoding = 4; lastKnownFileType = text; path = local_vpn_server.ovpn; sourceTree = "<group>"; };
		C98467A41EAA5B7700272A9A /* OpenVPNConfiguration.h */ = {isa = PBXFileReference; fileEncoding = 4; lastKnownFileType = sourcecode.c.h; path = OpenVPNConfiguration.h; sourceTree = "<group>"; };
		C98467A51EAA5B7700272A9A /* OpenVPNConfiguration.mm */ = {isa = PBXFileReference; fileEncoding = 4; lastKnownFileType = sourcecode.cpp.objcpp; path = OpenVPNConfiguration.mm; sourceTree = "<group>"; };
		C98467AA1EAA5BB500272A9A /* OpenVPNConfiguration+Internal.h */ = {isa = PBXFileReference; lastKnownFileType = sourcecode.c.h; path = "OpenVPNConfiguration+Internal.h"; sourceTree = "<group>"; };
		C9B03A7A1EABA6B500268B85 /* ProfileLoader.swift */ = {isa = PBXFileReference; fileEncoding = 4; lastKnownFileType = sourcecode.swift; path = ProfileLoader.swift; sourceTree = "<group>"; };
		C9B7955C1F1D16AA00CF35FE /* OpenVPNReachability.h */ = {isa = PBXFileReference; fileEncoding = 4; lastKnownFileType = sourcecode.c.h; path = OpenVPNReachability.h; sourceTree = "<group>"; };
		C9B7955D1F1D16AA00CF35FE /* OpenVPNReachability.mm */ = {isa = PBXFileReference; fileEncoding = 4; lastKnownFileType = sourcecode.cpp.objcpp; path = OpenVPNReachability.mm; sourceTree = "<group>"; };
		C9B795621F1D182500CF35FE /* OpenVPNReachabilityTracker.h */ = {isa = PBXFileReference; fileEncoding = 4; lastKnownFileType = sourcecode.c.h; path = OpenVPNReachabilityTracker.h; sourceTree = "<group>"; };
		C9B795631F1D182500CF35FE /* OpenVPNReachabilityTracker.mm */ = {isa = PBXFileReference; fileEncoding = 4; lastKnownFileType = sourcecode.cpp.objcpp; path = OpenVPNReachabilityTracker.mm; sourceTree = "<group>"; };
		C9B795681F1D219C00CF35FE /* OpenVPNReachabilityStatus.h */ = {isa = PBXFileReference; lastKnownFileType = sourcecode.c.h; path = OpenVPNReachabilityStatus.h; sourceTree = "<group>"; };
		C9B795691F1D26C900CF35FE /* OpenVPNReachability+Internal.h */ = {isa = PBXFileReference; fileEncoding = 4; lastKnownFileType = sourcecode.c.h; path = "OpenVPNReachability+Internal.h"; sourceTree = "<group>"; };
		C9BB475C1E71663A00F3F98C /* OpenVPNAdapter.framework */ = {isa = PBXFileReference; explicitFileType = wrapper.framework; includeInIndex = 0; path = OpenVPNAdapter.framework; sourceTree = BUILT_PRODUCTS_DIR; };
		C9BB475E1E71663A00F3F98C /* Umbrella-Header.h */ = {isa = PBXFileReference; lastKnownFileType = sourcecode.c.h; path = "Umbrella-Header.h"; sourceTree = "<group>"; };
		C9BB476F1E7171A100F3F98C /* OpenVPNError.h */ = {isa = PBXFileReference; fileEncoding = 4; lastKnownFileType = sourcecode.c.h; lineEnding = 0; path = OpenVPNError.h; sourceTree = "<group>"; xcLanguageSpecificationIdentifier = xcode.lang.objcpp; };
		C9BB47701E7171A100F3F98C /* OpenVPNAdapterEvent.h */ = {isa = PBXFileReference; fileEncoding = 4; lastKnownFileType = sourcecode.c.h; path = OpenVPNAdapterEvent.h; sourceTree = "<group>"; };
		C9BB478E1E71821A00F3F98C /* OpenVPNAdapterTests.xctest */ = {isa = PBXFileReference; explicitFileType = wrapper.cfbundle; includeInIndex = 0; path = OpenVPNAdapterTests.xctest; sourceTree = BUILT_PRODUCTS_DIR; };
		C9BB47901E71821A00F3F98C /* OpenVPNAdapterTests.swift */ = {isa = PBXFileReference; lastKnownFileType = sourcecode.swift; path = OpenVPNAdapterTests.swift; sourceTree = "<group>"; };
		C9BB47A11E7183DB00F3F98C /* Bundle.swift */ = {isa = PBXFileReference; fileEncoding = 4; lastKnownFileType = sourcecode.swift; path = Bundle.swift; sourceTree = "<group>"; };
		C9BCE2561EB3C0D9009D6AC1 /* OpenVPNSessionToken.h */ = {isa = PBXFileReference; fileEncoding = 4; lastKnownFileType = sourcecode.c.h; path = OpenVPNSessionToken.h; sourceTree = "<group>"; };
		C9BCE2571EB3C0D9009D6AC1 /* OpenVPNSessionToken.mm */ = {isa = PBXFileReference; fileEncoding = 4; lastKnownFileType = sourcecode.cpp.objcpp; path = OpenVPNSessionToken.mm; sourceTree = "<group>"; };
		C9BCE25C1EB3C201009D6AC1 /* OpenVPNSessionToken+Internal.h */ = {isa = PBXFileReference; fileEncoding = 4; lastKnownFileType = sourcecode.c.h; path = "OpenVPNSessionToken+Internal.h"; sourceTree = "<group>"; };
		C9C1E40F1FA47117006ECA7D /* remote_vpn_server.ovpn */ = {isa = PBXFileReference; fileEncoding = 4; lastKnownFileType = text; path = remote_vpn_server.ovpn; sourceTree = "<group>"; };
		C9C1E4131FA475B7006ECA7D /* CustomFlow.swift */ = {isa = PBXFileReference; lastKnownFileType = sourcecode.swift; path = CustomFlow.swift; sourceTree = "<group>"; };
		C9C2B2B6200CB42F00CA0FF3 /* OpenVPNAdapterPacketFlow.h */ = {isa = PBXFileReference; lastKnownFileType = sourcecode.c.h; path = OpenVPNAdapterPacketFlow.h; sourceTree = "<group>"; };
		C9C2B2B9200CC42A00CA0FF3 /* OpenVPNPacket.h */ = {isa = PBXFileReference; lastKnownFileType = sourcecode.c.h; path = OpenVPNPacket.h; sourceTree = "<group>"; };
		C9C2B2BA200CC42A00CA0FF3 /* OpenVPNPacket.mm */ = {isa = PBXFileReference; lastKnownFileType = sourcecode.cpp.objcpp; path = OpenVPNPacket.mm; sourceTree = "<group>"; };
		C9CA4DD11F602F7B00C4F184 /* OpenVPNCertificate.h */ = {isa = PBXFileReference; fileEncoding = 4; lastKnownFileType = sourcecode.c.h; path = OpenVPNCertificate.h; sourceTree = "<group>"; };
		C9CA4DD21F602F7B00C4F184 /* OpenVPNCertificate.m */ = {isa = PBXFileReference; fileEncoding = 4; lastKnownFileType = sourcecode.c.objc; path = OpenVPNCertificate.m; sourceTree = "<group>"; };
		C9CA4DE01F603A5300C4F184 /* OpenVPNCertificateTests.swift */ = {isa = PBXFileReference; fileEncoding = 4; lastKnownFileType = sourcecode.swift; path = OpenVPNCertificateTests.swift; sourceTree = "<group>"; };
		C9CDFDD9200781AF00323B73 /* OpenVPNClient.h */ = {isa = PBXFileReference; lastKnownFileType = sourcecode.c.h; path = OpenVPNClient.h; sourceTree = "<group>"; };
		C9CDFDDA200781AF00323B73 /* OpenVPNClient.mm */ = {isa = PBXFileReference; lastKnownFileType = sourcecode.cpp.objcpp; path = OpenVPNClient.mm; sourceTree = "<group>"; };
		C9D2ABF01EA20F99007EDF9D /* OpenVPNAdapter.framework */ = {isa = PBXFileReference; explicitFileType = wrapper.framework; includeInIndex = 0; path = OpenVPNAdapter.framework; sourceTree = BUILT_PRODUCTS_DIR; };
		C9D2ABFF1EA212A3007EDF9D /* OpenVPNAdapterTests.xctest */ = {isa = PBXFileReference; explicitFileType = wrapper.cfbundle; includeInIndex = 0; path = OpenVPNAdapterTests.xctest; sourceTree = BUILT_PRODUCTS_DIR; };
		C9E350BF200F6EC0000820D9 /* NSError+OpenVPNError.h */ = {isa = PBXFileReference; lastKnownFileType = sourcecode.c.h; path = "NSError+OpenVPNError.h"; sourceTree = "<group>"; };
		C9E350C0200F6EC0000820D9 /* NSError+OpenVPNError.m */ = {isa = PBXFileReference; lastKnownFileType = sourcecode.c.objc; path = "NSError+OpenVPNError.m"; sourceTree = "<group>"; };
		C9FD92181E9A667600374FC4 /* ovpncli.hpp */ = {isa = PBXFileReference; explicitFileType = sourcecode.cpp.h; fileEncoding = 4; name = ovpncli.hpp; path = Vendors/openvpn/client/ovpncli.hpp; sourceTree = "<group>"; };
		C9FD92191E9A667600374FC4 /* ovpncli.cpp */ = {isa = PBXFileReference; explicitFileType = sourcecode.cpp.objcpp; fileEncoding = 4; name = ovpncli.cpp; path = Vendors/openvpn/client/ovpncli.cpp; sourceTree = "<group>"; };
/* End PBXFileReference section */

/* Begin PBXFrameworksBuildPhase section */
		C9BB47581E71663A00F3F98C /* Frameworks */ = {
			isa = PBXFrameworksBuildPhase;
			buildActionMask = 2147483647;
			files = (
				C9659C3D2042CE67006FEFA8 /* UIKit.framework in Frameworks */,
				C912BB251E7C3339002B9414 /* NetworkExtension.framework in Frameworks */,
				C90BAD311E73FF6C00DEFB32 /* SystemConfiguration.framework in Frameworks */,
			);
			runOnlyForDeploymentPostprocessing = 0;
		};
		C9BB478B1E71821A00F3F98C /* Frameworks */ = {
			isa = PBXFrameworksBuildPhase;
			buildActionMask = 2147483647;
			files = (
				C9BB47931E71821A00F3F98C /* OpenVPNAdapter.framework in Frameworks */,
			);
			runOnlyForDeploymentPostprocessing = 0;
		};
		C9D2ABDF1EA20F99007EDF9D /* Frameworks */ = {
			isa = PBXFrameworksBuildPhase;
			buildActionMask = 2147483647;
			files = (
				C9D2ABE01EA20F99007EDF9D /* NetworkExtension.framework in Frameworks */,
				C9D2ABE11EA20F99007EDF9D /* SystemConfiguration.framework in Frameworks */,
			);
			runOnlyForDeploymentPostprocessing = 0;
		};
		C9D2ABF81EA212A3007EDF9D /* Frameworks */ = {
			isa = PBXFrameworksBuildPhase;
			buildActionMask = 2147483647;
			files = (
				C9D2AC051EA214EA007EDF9D /* OpenVPNAdapter.framework in Frameworks */,
			);
			runOnlyForDeploymentPostprocessing = 0;
		};
/* End PBXFrameworksBuildPhase section */

/* Begin PBXGroup section */
		C90BAD251E73F47E00DEFB32 /* Configuration */ = {
			isa = PBXGroup;
			children = (
				C90BAD2A1E73F5AF00DEFB32 /* Project.xcconfig */,
				C90BAD291E73F56800DEFB32 /* Framework.xcconfig */,
				C90BAD2B1E73F69500DEFB32 /* Debug.xcconfig */,
				C90BAD2C1E73F69500DEFB32 /* Release.xcconfig */,
				C90BAD2F1E73FA7400DEFB32 /* Tests.xcconfig */,
				C90BAD261E73F47E00DEFB32 /* Info-Framework.plist */,
				C90BAD271E73F47E00DEFB32 /* Info-Tests.plist */,
			);
			path = Configuration;
			sourceTree = "<group>";
		};
		C91030F71E471D760004DFFE = {
			isa = PBXGroup;
			children = (
				C90BAD251E73F47E00DEFB32 /* Configuration */,
				C9BB475D1E71663A00F3F98C /* OpenVPN Adapter */,
				C9BB478F1E71821A00F3F98C /* OpenVPN Adapter Tests */,
				C91031031E47237A0004DFFE /* Products */,
				C91031361E472C870004DFFE /* Frameworks */,
			);
			sourceTree = "<group>";
		};
		C91031031E47237A0004DFFE /* Products */ = {
			isa = PBXGroup;
			children = (
				C9BB475C1E71663A00F3F98C /* OpenVPNAdapter.framework */,
				C9BB478E1E71821A00F3F98C /* OpenVPNAdapterTests.xctest */,
				C9D2ABF01EA20F99007EDF9D /* OpenVPNAdapter.framework */,
				C9D2ABFF1EA212A3007EDF9D /* OpenVPNAdapterTests.xctest */,
			);
			name = Products;
			sourceTree = "<group>";
		};
		C91031361E472C870004DFFE /* Frameworks */ = {
			isa = PBXGroup;
			children = (
				C9659C3C2042CE66006FEFA8 /* UIKit.framework */,
				C912BB241E7C3339002B9414 /* NetworkExtension.framework */,
				C90BAD301E73FF6C00DEFB32 /* SystemConfiguration.framework */,
			);
			name = Frameworks;
			sourceTree = "<group>";
		};
		C9235AC41EB24F0100C7D303 /* Configuration */ = {
			isa = PBXGroup;
			children = (
				C9657A5D1EB0D60700EFF210 /* OpenVPNTransportProtocol.h */,
				C9657A601EB0D64E00EFF210 /* OpenVPNIPv6Preference.h */,
				C9657A631EB0D6AD00EFF210 /* OpenVPNCompressionMode.h */,
				C9657A661EB0D73200EFF210 /* OpenVPNMinTLSVersion.h */,
				C9657A691EB0D75700EFF210 /* OpenVPNTLSCertProfile.h */,
				C98467A41EAA5B7700272A9A /* OpenVPNConfiguration.h */,
				C98467AA1EAA5BB500272A9A /* OpenVPNConfiguration+Internal.h */,
				C98467A51EAA5B7700272A9A /* OpenVPNConfiguration.mm */,
				C93779D31EAE32670030A362 /* OpenVPNCredentials.h */,
				C93779D91EAE32880030A362 /* OpenVPNCredentials+Internal.h */,
				C93779D41EAE32670030A362 /* OpenVPNCredentials.mm */,
				C9657A3E1EB0CAC200EFF210 /* OpenVPNServerEntry.h */,
				C9657A441EB0CB5900EFF210 /* OpenVPNServerEntry+Internal.h */,
				C9657A3F1EB0CAC200EFF210 /* OpenVPNServerEntry.mm */,
				C9657A4A1EB0CD6C00EFF210 /* OpenVPNProperties.h */,
				C9657A501EB0CD9200EFF210 /* OpenVPNProperties+Internal.h */,
				C9657A4B1EB0CD6C00EFF210 /* OpenVPNProperties.mm */,
			);
			name = Configuration;
			sourceTree = "<group>";
		};
		C9235AC51EB24F1100C7D303 /* Stats and Info */ = {
			isa = PBXGroup;
			children = (
				C9657A151EB0A7F800EFF210 /* OpenVPNConnectionInfo.h */,
				C9657A1B1EB0A8D800EFF210 /* OpenVPNConnectionInfo+Internal.h */,
				C9657A161EB0A7F800EFF210 /* OpenVPNConnectionInfo.mm */,
				C9BCE2561EB3C0D9009D6AC1 /* OpenVPNSessionToken.h */,
				C9BCE25C1EB3C201009D6AC1 /* OpenVPNSessionToken+Internal.h */,
				C9BCE2571EB3C0D9009D6AC1 /* OpenVPNSessionToken.mm */,
				C9657A231EB0B60200EFF210 /* OpenVPNTransportStats.h */,
				C9657A291EB0B6FA00EFF210 /* OpenVPNTransportStats+Internal.h */,
				C9657A241EB0B60200EFF210 /* OpenVPNTransportStats.mm */,
				C9657A321EB0BA3900EFF210 /* OpenVPNInterfaceStats.h */,
				C9657A381EB0BAAB00EFF210 /* OpenVPNInterfaceStats+Internal.h */,
				C9657A331EB0BA3900EFF210 /* OpenVPNInterfaceStats.mm */,
			);
			name = "Stats and Info";
			sourceTree = "<group>";
		};
		C9B7955B1F1D165700CF35FE /* Reachability */ = {
			isa = PBXGroup;
			children = (
				C9B795681F1D219C00CF35FE /* OpenVPNReachabilityStatus.h */,
				C9B795621F1D182500CF35FE /* OpenVPNReachabilityTracker.h */,
				C9B795631F1D182500CF35FE /* OpenVPNReachabilityTracker.mm */,
				C9B7955C1F1D16AA00CF35FE /* OpenVPNReachability.h */,
				C9B795691F1D26C900CF35FE /* OpenVPNReachability+Internal.h */,
				C9B7955D1F1D16AA00CF35FE /* OpenVPNReachability.mm */,
			);
			name = Reachability;
			sourceTree = "<group>";
		};
		C9BB475D1E71663A00F3F98C /* OpenVPN Adapter */ = {
			isa = PBXGroup;
			children = (
				C9CA4DD01F602D8300C4F184 /* Certificates and Keys */,
				C9B7955B1F1D165700CF35FE /* Reachability */,
				C9235AC41EB24F0100C7D303 /* Configuration */,
				C9235AC51EB24F1100C7D303 /* Stats and Info */,
				C9BB47671E7169F000F3F98C /* Adapter */,
				C9BB47641E7169AF00F3F98C /* Libraries */,
				C9BB47651E7169B700F3F98C /* Framework */,
			);
			path = "OpenVPN Adapter";
			sourceTree = "<group>";
		};
		C9BB47641E7169AF00F3F98C /* Libraries */ = {
			isa = PBXGroup;
			children = (
				C9FF73B71EB7421600E995AC /* Helpers */,
				C9BB47681E716ABF00F3F98C /* Vendors */,
			);
			name = Libraries;
			sourceTree = "<group>";
		};
		C9BB47651E7169B700F3F98C /* Framework */ = {
			isa = PBXGroup;
			children = (
				C9BB475E1E71663A00F3F98C /* Umbrella-Header.h */,
			);
			name = Framework;
			sourceTree = "<group>";
		};
		C9BB47671E7169F000F3F98C /* Adapter */ = {
			isa = PBXGroup;
			children = (
				C9BB47701E7171A100F3F98C /* OpenVPNAdapterEvent.h */,
				C9BB476F1E7171A100F3F98C /* OpenVPNError.h */,
				C93A4F611EE18009004DC561 /* OpenVPNError.m */,
				C9CDFDD9200781AF00323B73 /* OpenVPNClient.h */,
				C9CDFDDA200781AF00323B73 /* OpenVPNClient.mm */,
				ABD6EF071F8F8CCD007D3D90 /* OpenVPNNetworkSettingsBuilder.h */,
				ABD6EF081F8F8CCD007D3D90 /* OpenVPNNetworkSettingsBuilder.m */,
				C9C2B2B6200CB42F00CA0FF3 /* OpenVPNAdapterPacketFlow.h */,
				C9C2B2B9200CC42A00CA0FF3 /* OpenVPNPacket.h */,
				C9C2B2BA200CC42A00CA0FF3 /* OpenVPNPacket.mm */,
				ABD6EF0E1F8F93AB007D3D90 /* OpenVPNPacketFlowBridge.h */,
				ABD6EF0F1F8F93AB007D3D90 /* OpenVPNPacketFlowBridge.mm */,
				ABD6EF151F8F9C37007D3D90 /* OpenVPNAdapter.h */,
				ABD6EF161F8F9C38007D3D90 /* OpenVPNAdapter.mm */,
			);
			name = Adapter;
			sourceTree = "<group>";
		};
		C9BB47681E716ABF00F3F98C /* Vendors */ = {
			isa = PBXGroup;
			children = (
				C9BB47691E716AC500F3F98C /* OpenVPN */,
			);
			name = Vendors;
			sourceTree = "<group>";
		};
		C9BB47691E716AC500F3F98C /* OpenVPN */ = {
			isa = PBXGroup;
			children = (
				C9FD92181E9A667600374FC4 /* ovpncli.hpp */,
				C9FD92191E9A667600374FC4 /* ovpncli.cpp */,
			);
			name = OpenVPN;
			sourceTree = "<group>";
		};
		C9BB478F1E71821A00F3F98C /* OpenVPN Adapter Tests */ = {
			isa = PBXGroup;
			children = (
				C9BB479D1E71837200F3F98C /* Adapter Tests */,
				C9BB479E1E7183B800F3F98C /* Libraries */,
				C9BB479A1E71836100F3F98C /* Resources */,
			);
			path = "OpenVPN Adapter Tests";
			sourceTree = "<group>";
		};
		C9BB479A1E71836100F3F98C /* Resources */ = {
			isa = PBXGroup;
			children = (
				C915F2241F61B22300B3DF23 /* test-ca.crt */,
				C915F21E1F6199E300B3DF23 /* keyfile-encrypted.3des */,
				C915F2211F61B0E700B3DF23 /* keyfile-decrypted.3des */,
			);
			path = Resources;
			sourceTree = "<group>";
		};
		C9BB479D1E71837200F3F98C /* Adapter Tests */ = {
			isa = PBXGroup;
			children = (
				C9CA4DE01F603A5300C4F184 /* OpenVPNCertificateTests.swift */,
				C915F1F81F615BB400B3DF23 /* OpenVPNPrivateKeyTests.swift */,
				C9354F431F1E49A500F4C935 /* OpenVPNReachabilityTests.swift */,
				C94605E81EAA656B00971516 /* OpenVPNConfigurationTests.swift */,
				C9BB47901E71821A00F3F98C /* OpenVPNAdapterTests.swift */,
			);
			name = "Adapter Tests";
			sourceTree = "<group>";
		};
		C9BB479E1E7183B800F3F98C /* Libraries */ = {
			isa = PBXGroup;
			children = (
				C9C1E40E1FA470EB006ECA7D /* Configuration */,
				C9C1E4121FA47586006ECA7D /* Base */,
				C9BB479F1E7183C200F3F98C /* Helpers */,
			);
			name = Libraries;
			sourceTree = "<group>";
		};
		C9BB479F1E7183C200F3F98C /* Helpers */ = {
			isa = PBXGroup;
			children = (
				C9BB47A01E7183CA00F3F98C /* Utils */,
			);
			name = Helpers;
			sourceTree = "<group>";
		};
		C9BB47A01E7183CA00F3F98C /* Utils */ = {
			isa = PBXGroup;
			children = (
				C9BB47A11E7183DB00F3F98C /* Bundle.swift */,
				C9B03A7A1EABA6B500268B85 /* ProfileLoader.swift */,
			);
			name = Utils;
			sourceTree = "<group>";
		};
		C9C1E40E1FA470EB006ECA7D /* Configuration */ = {
			isa = PBXGroup;
			children = (
				C98467A11EAA559B00272A9A /* local_vpn_server.ovpn */,
				C9C1E40F1FA47117006ECA7D /* remote_vpn_server.ovpn */,
			);
			name = Configuration;
			sourceTree = "<group>";
		};
		C9C1E4121FA47586006ECA7D /* Base */ = {
			isa = PBXGroup;
			children = (
				C9C1E4131FA475B7006ECA7D /* CustomFlow.swift */,
			);
			name = Base;
			sourceTree = "<group>";
		};
		C9CA4DD01F602D8300C4F184 /* Certificates and Keys */ = {
			isa = PBXGroup;
			children = (
				C915F1FD1F6164CF00B3DF23 /* OpenVPNKeyType.h */,
				C9CA4DD11F602F7B00C4F184 /* OpenVPNCertificate.h */,
				C9CA4DD21F602F7B00C4F184 /* OpenVPNCertificate.m */,
				C915F1F21F612F3300B3DF23 /* OpenVPNPrivateKey.h */,
				C915F1F31F612F3300B3DF23 /* OpenVPNPrivateKey.m */,
			);
			name = "Certificates and Keys";
			sourceTree = "<group>";
		};
		C9E350C5200F70CA000820D9 /* Extensions */ = {
			isa = PBXGroup;
			children = (
				C9E350BF200F6EC0000820D9 /* NSError+OpenVPNError.h */,
				C9E350C0200F6EC0000820D9 /* NSError+OpenVPNError.m */,
			);
			name = Extensions;
			sourceTree = "<group>";
		};
		C9FF73B71EB7421600E995AC /* Helpers */ = {
			isa = PBXGroup;
			children = (
				C9E350C5200F70CA000820D9 /* Extensions */,
			);
			name = Helpers;
			sourceTree = "<group>";
		};
/* End PBXGroup section */

/* Begin PBXHeadersBuildPhase section */
		C9BB47591E71663A00F3F98C /* Headers */ = {
			isa = PBXHeadersBuildPhase;
			buildActionMask = 2147483647;
			files = (
				C9CA4DD31F602F7B00C4F184 /* OpenVPNCertificate.h in Headers */,
				C9CDFDDB200781AF00323B73 /* OpenVPNClient.h in Headers */,
				C9657A3A1EB0BAAB00EFF210 /* OpenVPNInterfaceStats+Internal.h in Headers */,
				C9354F451F1E4A4500F4C935 /* OpenVPNReachabilityStatus.h in Headers */,
				C9BCE25E1EB3C201009D6AC1 /* OpenVPNSessionToken+Internal.h in Headers */,
				C9BB47721E7171A100F3F98C /* OpenVPNAdapterEvent.h in Headers */,
				ABD6EF171F8F9C38007D3D90 /* OpenVPNAdapter.h in Headers */,
				C915F1FE1F6164CF00B3DF23 /* OpenVPNKeyType.h in Headers */,
				C9657A4C1EB0CD6C00EFF210 /* OpenVPNProperties.h in Headers */,
				C9657A571EB0CDFB00EFF210 /* OpenVPNProperties+Internal.h in Headers */,
				C9BCE2581EB3C0D9009D6AC1 /* OpenVPNSessionToken.h in Headers */,
				C9657A341EB0BA3900EFF210 /* OpenVPNInterfaceStats.h in Headers */,
				C9657A401EB0CAC200EFF210 /* OpenVPNServerEntry.h in Headers */,
				C98467AB1EAA5BE100272A9A /* OpenVPNConfiguration+Internal.h in Headers */,
				C98467A61EAA5B7700272A9A /* OpenVPNConfiguration.h in Headers */,
				C9B7956B1F1D26C900CF35FE /* OpenVPNReachability+Internal.h in Headers */,
				ABD6EF101F8F93AB007D3D90 /* OpenVPNPacketFlowBridge.h in Headers */,
				C9657A2B1EB0B6FA00EFF210 /* OpenVPNTransportStats+Internal.h in Headers */,
				C9BB47601E71663A00F3F98C /* Umbrella-Header.h in Headers */,
				C9657A5E1EB0D60700EFF210 /* OpenVPNTransportProtocol.h in Headers */,
				C9657A1D1EB0A8D800EFF210 /* OpenVPNConnectionInfo+Internal.h in Headers */,
				C9B7955E1F1D16AA00CF35FE /* OpenVPNReachability.h in Headers */,
				C915F1F41F612F3300B3DF23 /* OpenVPNPrivateKey.h in Headers */,
				C9657A171EB0A7F800EFF210 /* OpenVPNConnectionInfo.h in Headers */,
				C9BB47711E7171A100F3F98C /* OpenVPNError.h in Headers */,
				C9B795641F1D182500CF35FE /* OpenVPNReachabilityTracker.h in Headers */,
				ABD6EF091F8F8CCD007D3D90 /* OpenVPNNetworkSettingsBuilder.h in Headers */,
				C9657A611EB0D64E00EFF210 /* OpenVPNIPv6Preference.h in Headers */,
				C9657A671EB0D73200EFF210 /* OpenVPNMinTLSVersion.h in Headers */,
				C9C2B2BB200CC42A00CA0FF3 /* OpenVPNPacket.h in Headers */,
				C93779D51EAE32670030A362 /* OpenVPNCredentials.h in Headers */,
				C9657A641EB0D6C200EFF210 /* OpenVPNCompressionMode.h in Headers */,
				C9FD921A1E9A667600374FC4 /* ovpncli.hpp in Headers */,
				C9C2B2B7200CB42F00CA0FF3 /* OpenVPNAdapterPacketFlow.h in Headers */,
				C9E350C1200F6EC0000820D9 /* NSError+OpenVPNError.h in Headers */,
				C93779DB1EAE32880030A362 /* OpenVPNCredentials+Internal.h in Headers */,
				C9657A6A1EB0D75700EFF210 /* OpenVPNTLSCertProfile.h in Headers */,
				C9657A461EB0CB5900EFF210 /* OpenVPNServerEntry+Internal.h in Headers */,
				C9657A251EB0B60200EFF210 /* OpenVPNTransportStats.h in Headers */,
			);
			runOnlyForDeploymentPostprocessing = 0;
		};
		C9D2ABE21EA20F99007EDF9D /* Headers */ = {
			isa = PBXHeadersBuildPhase;
			buildActionMask = 2147483647;
			files = (
				C9CA4DD41F602F7B00C4F184 /* OpenVPNCertificate.h in Headers */,
				C9CDFDDC200781AF00323B73 /* OpenVPNClient.h in Headers */,
				C9657A3B1EB0BAAB00EFF210 /* OpenVPNInterfaceStats+Internal.h in Headers */,
				C9354F461F1E4A4600F4C935 /* OpenVPNReachabilityStatus.h in Headers */,
				C9BCE25F1EB3C201009D6AC1 /* OpenVPNSessionToken+Internal.h in Headers */,
				C9D2ABE41EA20F99007EDF9D /* OpenVPNAdapterEvent.h in Headers */,
				ABD6EF191F8F9C3B007D3D90 /* OpenVPNAdapter.h in Headers */,
				C915F1FF1F6164CF00B3DF23 /* OpenVPNKeyType.h in Headers */,
				C9657A4D1EB0CD6C00EFF210 /* OpenVPNProperties.h in Headers */,
				C9657A561EB0CDFA00EFF210 /* OpenVPNProperties+Internal.h in Headers */,
				C9BCE2591EB3C0D9009D6AC1 /* OpenVPNSessionToken.h in Headers */,
				C9657A351EB0BA3900EFF210 /* OpenVPNInterfaceStats.h in Headers */,
				C9657A411EB0CAC200EFF210 /* OpenVPNServerEntry.h in Headers */,
				C98467AC1EAA5BE200272A9A /* OpenVPNConfiguration+Internal.h in Headers */,
				C98467A71EAA5B7700272A9A /* OpenVPNConfiguration.h in Headers */,
				C9B7956C1F1D26C900CF35FE /* OpenVPNReachability+Internal.h in Headers */,
				ABD6EF111F8F93AB007D3D90 /* OpenVPNPacketFlowBridge.h in Headers */,
				C9657A2F1EB0B79500EFF210 /* OpenVPNTransportStats+Internal.h in Headers */,
				C9D2ABE61EA20F99007EDF9D /* Umbrella-Header.h in Headers */,
				C9657A5F1EB0D60700EFF210 /* OpenVPNTransportProtocol.h in Headers */,
				C9657A1E1EB0A8D800EFF210 /* OpenVPNConnectionInfo+Internal.h in Headers */,
				C9B7955F1F1D16AA00CF35FE /* OpenVPNReachability.h in Headers */,
				C915F1F51F612F3300B3DF23 /* OpenVPNPrivateKey.h in Headers */,
				C9657A181EB0A7F800EFF210 /* OpenVPNConnectionInfo.h in Headers */,
				C9D2ABE81EA20F99007EDF9D /* OpenVPNError.h in Headers */,
				C9B795651F1D182500CF35FE /* OpenVPNReachabilityTracker.h in Headers */,
				ABD6EF0A1F8F8CCD007D3D90 /* OpenVPNNetworkSettingsBuilder.h in Headers */,
				C9657A621EB0D64E00EFF210 /* OpenVPNIPv6Preference.h in Headers */,
				C9657A681EB0D73200EFF210 /* OpenVPNMinTLSVersion.h in Headers */,
				C9C2B2BC200CC42A00CA0FF3 /* OpenVPNPacket.h in Headers */,
				C93779D61EAE32670030A362 /* OpenVPNCredentials.h in Headers */,
				C9657A651EB0D6C200EFF210 /* OpenVPNCompressionMode.h in Headers */,
				C9D2ABEA1EA20F99007EDF9D /* ovpncli.hpp in Headers */,
				C9C2B2B8200CB42F00CA0FF3 /* OpenVPNAdapterPacketFlow.h in Headers */,
				C9E350C2200F6EC0000820D9 /* NSError+OpenVPNError.h in Headers */,
				C93779DC1EAE32880030A362 /* OpenVPNCredentials+Internal.h in Headers */,
				C9657A6B1EB0D75700EFF210 /* OpenVPNTLSCertProfile.h in Headers */,
				C9657A471EB0CB5900EFF210 /* OpenVPNServerEntry+Internal.h in Headers */,
				C9657A261EB0B60200EFF210 /* OpenVPNTransportStats.h in Headers */,
			);
			runOnlyForDeploymentPostprocessing = 0;
		};
/* End PBXHeadersBuildPhase section */

/* Begin PBXNativeTarget section */
		C9BB475B1E71663A00F3F98C /* OpenVPN Adapter iOS */ = {
			isa = PBXNativeTarget;
			buildConfigurationList = C9BB47631E71663A00F3F98C /* Build configuration list for PBXNativeTarget "OpenVPN Adapter iOS" */;
			buildPhases = (
				C9BB476E1E716E7000F3F98C /* Check Warning And Error Tags */,
				C9BB47571E71663A00F3F98C /* Sources */,
				C9BB47581E71663A00F3F98C /* Frameworks */,
				C9BB47591E71663A00F3F98C /* Headers */,
				C9BB475A1E71663A00F3F98C /* Resources */,
			);
			buildRules = (
			);
			dependencies = (
			);
			name = "OpenVPN Adapter iOS";
			productName = OpenVPNAdapter;
			productReference = C9BB475C1E71663A00F3F98C /* OpenVPNAdapter.framework */;
			productType = "com.apple.product-type.framework";
		};
		C9BB478D1E71821A00F3F98C /* OpenVPN Adapter iOS Tests */ = {
			isa = PBXNativeTarget;
			buildConfigurationList = C9BB47961E71821A00F3F98C /* Build configuration list for PBXNativeTarget "OpenVPN Adapter iOS Tests" */;
			buildPhases = (
				C9BB478A1E71821A00F3F98C /* Sources */,
				C9BB478B1E71821A00F3F98C /* Frameworks */,
				C9BB478C1E71821A00F3F98C /* Resources */,
			);
			buildRules = (
			);
			dependencies = (
				C9D2AC021EA214D3007EDF9D /* PBXTargetDependency */,
			);
			name = "OpenVPN Adapter iOS Tests";
			productName = "OpenVPN Adapter Tests";
			productReference = C9BB478E1E71821A00F3F98C /* OpenVPNAdapterTests.xctest */;
			productType = "com.apple.product-type.bundle.unit-test";
		};
		C9D2ABD81EA20F99007EDF9D /* OpenVPN Adapter macOS */ = {
			isa = PBXNativeTarget;
			buildConfigurationList = C9D2ABED1EA20F99007EDF9D /* Build configuration list for PBXNativeTarget "OpenVPN Adapter macOS" */;
			buildPhases = (
				C9D2ABD91EA20F99007EDF9D /* Check Warning And Error Tags */,
				C9D2ABDA1EA20F99007EDF9D /* Sources */,
				C9D2ABDF1EA20F99007EDF9D /* Frameworks */,
				C9D2ABE21EA20F99007EDF9D /* Headers */,
				C9D2ABEC1EA20F99007EDF9D /* Resources */,
			);
			buildRules = (
			);
			dependencies = (
			);
			name = "OpenVPN Adapter macOS";
			productName = OpenVPNAdapter;
			productReference = C9D2ABF01EA20F99007EDF9D /* OpenVPNAdapter.framework */;
			productType = "com.apple.product-type.framework";
		};
		C9D2ABF21EA212A3007EDF9D /* OpenVPN Adapter macOS Tests */ = {
			isa = PBXNativeTarget;
			buildConfigurationList = C9D2ABFC1EA212A3007EDF9D /* Build configuration list for PBXNativeTarget "OpenVPN Adapter macOS Tests" */;
			buildPhases = (
				C9D2ABF51EA212A3007EDF9D /* Sources */,
				C9D2ABF81EA212A3007EDF9D /* Frameworks */,
				C9D2ABFA1EA212A3007EDF9D /* Resources */,
			);
			buildRules = (
			);
			dependencies = (
				C9D2AC041EA214DF007EDF9D /* PBXTargetDependency */,
			);
			name = "OpenVPN Adapter macOS Tests";
			productName = "OpenVPN Adapter Tests";
			productReference = C9D2ABFF1EA212A3007EDF9D /* OpenVPNAdapterTests.xctest */;
			productType = "com.apple.product-type.bundle.unit-test";
		};
/* End PBXNativeTarget section */

/* Begin PBXProject section */
		C91030F81E471D760004DFFE /* Project object */ = {
			isa = PBXProject;
			attributes = {
				LastSwiftUpdateCheck = 0820;
				LastUpgradeCheck = 0930;
				TargetAttributes = {
					C9BB475B1E71663A00F3F98C = {
						CreatedOnToolsVersion = 8.2.1;
						LastSwiftMigration = 0900;
						ProvisioningStyle = Manual;
					};
					C9BB478D1E71821A00F3F98C = {
						CreatedOnToolsVersion = 8.2.1;
						DevelopmentTeam = 2TWXCGG7R3;
						LastSwiftMigration = 0900;
						ProvisioningStyle = Manual;
					};
					C9D2ABD81EA20F99007EDF9D = {
						ProvisioningStyle = Manual;
					};
					C9D2ABF21EA212A3007EDF9D = {
						DevelopmentTeam = 2TWXCGG7R3;
						LastSwiftMigration = 0900;
					};
				};
			};
			buildConfigurationList = C91030FB1E471D760004DFFE /* Build configuration list for PBXProject "OpenVPN Adapter" */;
			compatibilityVersion = "Xcode 8.0";
			developmentRegion = English;
			hasScannedForEncodings = 0;
			knownRegions = (
				en,
				Base,
			);
			mainGroup = C91030F71E471D760004DFFE;
			productRefGroup = C91031031E47237A0004DFFE /* Products */;
			projectDirPath = "";
			projectRoot = "";
			targets = (
				C9BB475B1E71663A00F3F98C /* OpenVPN Adapter iOS */,
				C9D2ABD81EA20F99007EDF9D /* OpenVPN Adapter macOS */,
				C9BB478D1E71821A00F3F98C /* OpenVPN Adapter iOS Tests */,
				C9D2ABF21EA212A3007EDF9D /* OpenVPN Adapter macOS Tests */,
			);
		};
/* End PBXProject section */

/* Begin PBXResourcesBuildPhase section */
		C9BB475A1E71663A00F3F98C /* Resources */ = {
			isa = PBXResourcesBuildPhase;
			buildActionMask = 2147483647;
			files = (
			);
			runOnlyForDeploymentPostprocessing = 0;
		};
		C9BB478C1E71821A00F3F98C /* Resources */ = {
			isa = PBXResourcesBuildPhase;
			buildActionMask = 2147483647;
			files = (
				C98467A21EAA559B00272A9A /* local_vpn_server.ovpn in Resources */,
				C915F2221F61B0E700B3DF23 /* keyfile-decrypted.3des in Resources */,
				C915F2251F61B22300B3DF23 /* test-ca.crt in Resources */,
				C9C1E4101FA47117006ECA7D /* remote_vpn_server.ovpn in Resources */,
				C915F21F1F6199E300B3DF23 /* keyfile-encrypted.3des in Resources */,
			);
			runOnlyForDeploymentPostprocessing = 0;
		};
		C9D2ABEC1EA20F99007EDF9D /* Resources */ = {
			isa = PBXResourcesBuildPhase;
			buildActionMask = 2147483647;
			files = (
			);
			runOnlyForDeploymentPostprocessing = 0;
		};
		C9D2ABFA1EA212A3007EDF9D /* Resources */ = {
			isa = PBXResourcesBuildPhase;
			buildActionMask = 2147483647;
			files = (
				C98467A31EAA559B00272A9A /* local_vpn_server.ovpn in Resources */,
				C915F2231F61B0E700B3DF23 /* keyfile-decrypted.3des in Resources */,
				C915F2261F61B22300B3DF23 /* test-ca.crt in Resources */,
				C9C1E4111FA47117006ECA7D /* remote_vpn_server.ovpn in Resources */,
				C915F2201F6199E300B3DF23 /* keyfile-encrypted.3des in Resources */,
			);
			runOnlyForDeploymentPostprocessing = 0;
		};
/* End PBXResourcesBuildPhase section */

/* Begin PBXShellScriptBuildPhase section */
		C9BB476E1E716E7000F3F98C /* Check Warning And Error Tags */ = {
			isa = PBXShellScriptBuildPhase;
			buildActionMask = 2147483647;
			files = (
			);
			inputPaths = (
			);
			name = "Check Warning And Error Tags";
			outputPaths = (
			);
			runOnlyForDeploymentPostprocessing = 0;
			shellPath = /bin/sh;
			shellScript = "TAGS=\"TODO:|FIXME:|\\?\\?\\?|\\!\\!\\!\"\nERRORTAG=\"ERROR:\"\nfind \"${SRCROOT}/OpenVPN Adapter\" \\( -name \"*.h\" -or -name \"*.mm\" -or -name \"*.m\" -or -name \"*.swift\" \\) ! -path \"*/Vendors/*\" -print0 | xargs -0 egrep --with-filename --line-number --only-matching \"($TAGS).*\\$|($ERRORTAG).*\\$\" | perl -p -e \"s/($TAGS)/ warning: \\$1/\" | perl -p -e \"s/($ERRORTAG)/ error: \\$1/\"";
		};
		C9D2ABD91EA20F99007EDF9D /* Check Warning And Error Tags */ = {
			isa = PBXShellScriptBuildPhase;
			buildActionMask = 2147483647;
			files = (
			);
			inputPaths = (
			);
			name = "Check Warning And Error Tags";
			outputPaths = (
			);
			runOnlyForDeploymentPostprocessing = 0;
			shellPath = /bin/sh;
			shellScript = "TAGS=\"TODO:|FIXME:|\\?\\?\\?|\\!\\!\\!\"\nERRORTAG=\"ERROR:\"\nfind \"${SRCROOT}/OpenVPN Adapter\" \\( -name \"*.h\" -or -name \"*.mm\" -or -name \"*.m\" -or -name \"*.swift\" \\) ! -path \"*/Vendors/*\" -print0 | xargs -0 egrep --with-filename --line-number --only-matching \"($TAGS).*\\$|($ERRORTAG).*\\$\" | perl -p -e \"s/($TAGS)/ warning: \\$1/\" | perl -p -e \"s/($ERRORTAG)/ error: \\$1/\"";
		};
/* End PBXShellScriptBuildPhase section */

/* Begin PBXSourcesBuildPhase section */
		C9BB47571E71663A00F3F98C /* Sources */ = {
			isa = PBXSourcesBuildPhase;
			buildActionMask = 2147483647;
			files = (
				ABD6EF181F8F9C38007D3D90 /* OpenVPNAdapter.mm in Sources */,
				C9657A421EB0CAC200EFF210 /* OpenVPNServerEntry.mm in Sources */,
				C9BCE25A1EB3C0D9009D6AC1 /* OpenVPNSessionToken.mm in Sources */,
				C9E350C3200F6EC0000820D9 /* NSError+OpenVPNError.m in Sources */,
				ABD6EF0B1F8F8CCD007D3D90 /* OpenVPNNetworkSettingsBuilder.m in Sources */,
				C98467A81EAA5B7700272A9A /* OpenVPNConfiguration.mm in Sources */,
				ABD6EF121F8F93AB007D3D90 /* OpenVPNPacketFlowBridge.mm in Sources */,
				C9657A311EB0B7A900EFF210 /* OpenVPNTransportStats.mm in Sources */,
				C9B795661F1D182500CF35FE /* OpenVPNReachabilityTracker.mm in Sources */,
				C9657A581EB0CE1300EFF210 /* OpenVPNProperties.mm in Sources */,
				C9CA4DD51F602F7B00C4F184 /* OpenVPNCertificate.m in Sources */,
				C9CDFDDD200781AF00323B73 /* OpenVPNClient.mm in Sources */,
				C915F1F61F612F3300B3DF23 /* OpenVPNPrivateKey.m in Sources */,
				C9FD921B1E9A667600374FC4 /* ovpncli.cpp in Sources */,
				C9657A361EB0BA3900EFF210 /* OpenVPNInterfaceStats.mm in Sources */,
				C9657A211EB0ACAE00EFF210 /* OpenVPNConnectionInfo.mm in Sources */,
				C9C2B2BD200CC42A00CA0FF3 /* OpenVPNPacket.mm in Sources */,
				C93A4F621EE18009004DC561 /* OpenVPNError.m in Sources */,
				C93779D71EAE32670030A362 /* OpenVPNCredentials.mm in Sources */,
				C9B795601F1D16AA00CF35FE /* OpenVPNReachability.mm in Sources */,
			);
			runOnlyForDeploymentPostprocessing = 0;
		};
		C9BB478A1E71821A00F3F98C /* Sources */ = {
			isa = PBXSourcesBuildPhase;
			buildActionMask = 2147483647;
			files = (
				C9C1E4141FA475B7006ECA7D /* CustomFlow.swift in Sources */,
				C94605E91EAA656B00971516 /* OpenVPNConfigurationTests.swift in Sources */,
				C9BB47911E71821A00F3F98C /* OpenVPNAdapterTests.swift in Sources */,
				C915F1F91F615BB400B3DF23 /* OpenVPNPrivateKeyTests.swift in Sources */,
				C9B03A7C1EABA82200268B85 /* ProfileLoader.swift in Sources */,
				C9CA4DE11F603A5300C4F184 /* OpenVPNCertificateTests.swift in Sources */,
				C9BB47A21E7183DB00F3F98C /* Bundle.swift in Sources */,
			);
			runOnlyForDeploymentPostprocessing = 0;
		};
		C9D2ABDA1EA20F99007EDF9D /* Sources */ = {
			isa = PBXSourcesBuildPhase;
			buildActionMask = 2147483647;
			files = (
				ABD6EF1A1F8F9C3B007D3D90 /* OpenVPNAdapter.mm in Sources */,
				C9657A431EB0CAC200EFF210 /* OpenVPNServerEntry.mm in Sources */,
				C9BCE25B1EB3C0D9009D6AC1 /* OpenVPNSessionToken.mm in Sources */,
				C9E350C4200F6EC0000820D9 /* NSError+OpenVPNError.m in Sources */,
				ABD6EF0C1F8F8CCD007D3D90 /* OpenVPNNetworkSettingsBuilder.m in Sources */,
				C98467A91EAA5B7700272A9A /* OpenVPNConfiguration.mm in Sources */,
				ABD6EF131F8F93AB007D3D90 /* OpenVPNPacketFlowBridge.mm in Sources */,
				C9657A301EB0B7A600EFF210 /* OpenVPNTransportStats.mm in Sources */,
				C9B795671F1D182500CF35FE /* OpenVPNReachabilityTracker.mm in Sources */,
				C9657A591EB0CE1400EFF210 /* OpenVPNProperties.mm in Sources */,
				C9CA4DD61F602F7B00C4F184 /* OpenVPNCertificate.m in Sources */,
				C9CDFDDE200781AF00323B73 /* OpenVPNClient.mm in Sources */,
				C915F1F71F612F3300B3DF23 /* OpenVPNPrivateKey.m in Sources */,
				C9D2ABDE1EA20F99007EDF9D /* ovpncli.cpp in Sources */,
				C9657A371EB0BA3900EFF210 /* OpenVPNInterfaceStats.mm in Sources */,
				C9657A221EB0ACAE00EFF210 /* OpenVPNConnectionInfo.mm in Sources */,
				C9C2B2BE200CC42A00CA0FF3 /* OpenVPNPacket.mm in Sources */,
				C93A4F631EE18009004DC561 /* OpenVPNError.m in Sources */,
				C93779D81EAE32670030A362 /* OpenVPNCredentials.mm in Sources */,
				C9B795611F1D16AA00CF35FE /* OpenVPNReachability.mm in Sources */,
			);
			runOnlyForDeploymentPostprocessing = 0;
		};
		C9D2ABF51EA212A3007EDF9D /* Sources */ = {
			isa = PBXSourcesBuildPhase;
			buildActionMask = 2147483647;
			files = (
				C94605EA1EAA65F200971516 /* OpenVPNConfigurationTests.swift in Sources */,
				C9D2ABF61EA212A3007EDF9D /* OpenVPNAdapterTests.swift in Sources */,
				C9CA4DE21F603A5300C4F184 /* OpenVPNCertificateTests.swift in Sources */,
				C9354F471F1E4AE200F4C935 /* OpenVPNReachabilityTests.swift in Sources */,
				C915F1FA1F615BB400B3DF23 /* OpenVPNPrivateKeyTests.swift in Sources */,
				C9B03A7D1EABA82300268B85 /* ProfileLoader.swift in Sources */,
				C9C1E4151FA475B7006ECA7D /* CustomFlow.swift in Sources */,
				C9D2ABF71EA212A3007EDF9D /* Bundle.swift in Sources */,
			);
			runOnlyForDeploymentPostprocessing = 0;
		};
/* End PBXSourcesBuildPhase section */

/* Begin PBXTargetDependency section */
		C9D2AC021EA214D3007EDF9D /* PBXTargetDependency */ = {
			isa = PBXTargetDependency;
			target = C9BB475B1E71663A00F3F98C /* OpenVPN Adapter iOS */;
			targetProxy = C9D2AC011EA214D3007EDF9D /* PBXContainerItemProxy */;
		};
		C9D2AC041EA214DF007EDF9D /* PBXTargetDependency */ = {
			isa = PBXTargetDependency;
			target = C9D2ABD81EA20F99007EDF9D /* OpenVPN Adapter macOS */;
			targetProxy = C9D2AC031EA214DF007EDF9D /* PBXContainerItemProxy */;
		};
/* End PBXTargetDependency section */

/* Begin XCBuildConfiguration section */
		C91030FC1E471D760004DFFE /* Debug */ = {
			isa = XCBuildConfiguration;
			baseConfigurationReference = C90BAD2A1E73F5AF00DEFB32 /* Project.xcconfig */;
			buildSettings = {
				ALWAYS_SEARCH_USER_PATHS = NO;
				CLANG_WARN_BLOCK_CAPTURE_AUTORELEASING = YES;
				CLANG_WARN_BOOL_CONVERSION = YES;
				CLANG_WARN_COMMA = YES;
				CLANG_WARN_CONSTANT_CONVERSION = YES;
				CLANG_WARN_DEPRECATED_OBJC_IMPLEMENTATIONS = YES;
				CLANG_WARN_EMPTY_BODY = YES;
				CLANG_WARN_ENUM_CONVERSION = YES;
				CLANG_WARN_INFINITE_RECURSION = YES;
				CLANG_WARN_INT_CONVERSION = YES;
				CLANG_WARN_NON_LITERAL_NULL_CONVERSION = YES;
				CLANG_WARN_OBJC_IMPLICIT_RETAIN_SELF = YES;
				CLANG_WARN_OBJC_LITERAL_CONVERSION = YES;
				CLANG_WARN_RANGE_LOOP_ANALYSIS = YES;
				CLANG_WARN_STRICT_PROTOTYPES = YES;
				CLANG_WARN_SUSPICIOUS_MOVE = YES;
				CLANG_WARN_UNREACHABLE_CODE = YES;
				CLANG_WARN__DUPLICATE_METHOD_MATCH = YES;
				ENABLE_STRICT_OBJC_MSGSEND = YES;
				ENABLE_TESTABILITY = YES;
				GCC_NO_COMMON_BLOCKS = YES;
				GCC_WARN_64_TO_32_BIT_CONVERSION = YES;
				GCC_WARN_ABOUT_RETURN_TYPE = YES;
				GCC_WARN_UNDECLARED_SELECTOR = YES;
				GCC_WARN_UNINITIALIZED_AUTOS = YES;
				GCC_WARN_UNUSED_FUNCTION = YES;
				GCC_WARN_UNUSED_VARIABLE = YES;
				IPHONEOS_DEPLOYMENT_TARGET = 9.0;
				MACOSX_DEPLOYMENT_TARGET = 10.11;
				ONLY_ACTIVE_ARCH = YES;
			};
			name = Debug;
		};
		C91030FD1E471D760004DFFE /* Release */ = {
			isa = XCBuildConfiguration;
			baseConfigurationReference = C90BAD2A1E73F5AF00DEFB32 /* Project.xcconfig */;
			buildSettings = {
				ALWAYS_SEARCH_USER_PATHS = NO;
				CLANG_WARN_BLOCK_CAPTURE_AUTORELEASING = YES;
				CLANG_WARN_BOOL_CONVERSION = YES;
				CLANG_WARN_COMMA = YES;
				CLANG_WARN_CONSTANT_CONVERSION = YES;
				CLANG_WARN_DEPRECATED_OBJC_IMPLEMENTATIONS = YES;
				CLANG_WARN_EMPTY_BODY = YES;
				CLANG_WARN_ENUM_CONVERSION = YES;
				CLANG_WARN_INFINITE_RECURSION = YES;
				CLANG_WARN_INT_CONVERSION = YES;
				CLANG_WARN_NON_LITERAL_NULL_CONVERSION = YES;
				CLANG_WARN_OBJC_IMPLICIT_RETAIN_SELF = YES;
				CLANG_WARN_OBJC_LITERAL_CONVERSION = YES;
				CLANG_WARN_RANGE_LOOP_ANALYSIS = YES;
				CLANG_WARN_STRICT_PROTOTYPES = YES;
				CLANG_WARN_SUSPICIOUS_MOVE = YES;
				CLANG_WARN_UNREACHABLE_CODE = YES;
				CLANG_WARN__DUPLICATE_METHOD_MATCH = YES;
				ENABLE_STRICT_OBJC_MSGSEND = YES;
				GCC_NO_COMMON_BLOCKS = YES;
				GCC_WARN_64_TO_32_BIT_CONVERSION = YES;
				GCC_WARN_ABOUT_RETURN_TYPE = YES;
				GCC_WARN_UNDECLARED_SELECTOR = YES;
				GCC_WARN_UNINITIALIZED_AUTOS = YES;
				GCC_WARN_UNUSED_FUNCTION = YES;
				GCC_WARN_UNUSED_VARIABLE = YES;
				IPHONEOS_DEPLOYMENT_TARGET = 9.0;
				MACOSX_DEPLOYMENT_TARGET = 10.11;
			};
			name = Release;
		};
		C9BB47611E71663A00F3F98C /* Debug */ = {
			isa = XCBuildConfiguration;
			baseConfigurationReference = C90BAD2B1E73F69500DEFB32 /* Debug.xcconfig */;
			buildSettings = {
				CLANG_ALLOW_NON_MODULAR_INCLUDES_IN_FRAMEWORK_MODULES = NO;
				CLANG_ANALYZER_NONNULL = YES;
				CLANG_ENABLE_MODULES = YES;
				CLANG_ENABLE_OBJC_ARC = YES;
				CLANG_WARN_DIRECT_OBJC_ISA_USAGE = YES_ERROR;
				CLANG_WARN_EMPTY_BODY = YES;
				CLANG_WARN_ENUM_CONVERSION = YES;
				CLANG_WARN_INFINITE_RECURSION = YES;
				CLANG_WARN_INT_CONVERSION = YES;
				CLANG_WARN_OBJC_ROOT_CLASS = YES_ERROR;
				CLANG_WARN_SUSPICIOUS_MOVE = YES;
				CLANG_WARN_UNREACHABLE_CODE = YES;
				CLANG_WARN__DUPLICATE_METHOD_MATCH = YES;
				COPY_PHASE_STRIP = NO;
				CURRENT_PROJECT_VERSION = 1;
				DEFINES_MODULE = YES;
				DEVELOPMENT_TEAM = "";
				DYLIB_COMPATIBILITY_VERSION = 1;
				DYLIB_CURRENT_VERSION = 1;
				DYLIB_INSTALL_NAME_BASE = "@rpath";
				ENABLE_STRICT_OBJC_MSGSEND = YES;
				ENABLE_TESTABILITY = YES;
				GCC_DYNAMIC_NO_PIC = NO;
				GCC_NO_COMMON_BLOCKS = YES;
				GCC_OPTIMIZATION_LEVEL = 0;
				GCC_WARN_64_TO_32_BIT_CONVERSION = NO;
				GCC_WARN_ABOUT_RETURN_TYPE = YES_ERROR;
				GCC_WARN_UNDECLARED_SELECTOR = YES;
				GCC_WARN_UNINITIALIZED_AUTOS = YES;
				GCC_WARN_UNUSED_FUNCTION = YES;
				GCC_WARN_UNUSED_VARIABLE = YES;
				INSTALL_PATH = "$(LOCAL_LIBRARY_DIR)/Frameworks";
				LD_RUNPATH_SEARCH_PATHS = "$(inherited) @executable_path/Frameworks @loader_path/Frameworks";
				MTL_ENABLE_DEBUG_INFO = YES;
				SDKROOT = iphoneos;
				SKIP_INSTALL = YES;
				SUPPORTED_PLATFORMS = "iphonesimulator iphoneos";
				SWIFT_ACTIVE_COMPILATION_CONDITIONS = DEBUG;
				SWIFT_OPTIMIZATION_LEVEL = "-Onone";
				SWIFT_VERSION = 4.0;
				VERSIONING_SYSTEM = "apple-generic";
				VERSION_INFO_PREFIX = "";
			};
			name = Debug;
		};
		C9BB47621E71663A00F3F98C /* Release */ = {
			isa = XCBuildConfiguration;
			baseConfigurationReference = C90BAD2C1E73F69500DEFB32 /* Release.xcconfig */;
			buildSettings = {
				CLANG_ALLOW_NON_MODULAR_INCLUDES_IN_FRAMEWORK_MODULES = NO;
				CLANG_ANALYZER_NONNULL = YES;
				CLANG_ENABLE_MODULES = YES;
				CLANG_ENABLE_OBJC_ARC = YES;
				CLANG_WARN_DIRECT_OBJC_ISA_USAGE = YES_ERROR;
				CLANG_WARN_EMPTY_BODY = YES;
				CLANG_WARN_ENUM_CONVERSION = YES;
				CLANG_WARN_INFINITE_RECURSION = YES;
				CLANG_WARN_INT_CONVERSION = YES;
				CLANG_WARN_OBJC_ROOT_CLASS = YES_ERROR;
				CLANG_WARN_SUSPICIOUS_MOVE = YES;
				CLANG_WARN_UNREACHABLE_CODE = YES;
				CLANG_WARN__DUPLICATE_METHOD_MATCH = YES;
				COPY_PHASE_STRIP = NO;
				CURRENT_PROJECT_VERSION = 1;
				DEFINES_MODULE = YES;
				DEVELOPMENT_TEAM = "";
				DYLIB_COMPATIBILITY_VERSION = 1;
				DYLIB_CURRENT_VERSION = 1;
				DYLIB_INSTALL_NAME_BASE = "@rpath";
				ENABLE_NS_ASSERTIONS = NO;
				ENABLE_STRICT_OBJC_MSGSEND = YES;
				ENABLE_TESTABILITY = YES;
				GCC_NO_COMMON_BLOCKS = YES;
				GCC_WARN_64_TO_32_BIT_CONVERSION = NO;
				GCC_WARN_ABOUT_RETURN_TYPE = YES_ERROR;
				GCC_WARN_UNDECLARED_SELECTOR = YES;
				GCC_WARN_UNINITIALIZED_AUTOS = YES;
				GCC_WARN_UNUSED_FUNCTION = YES;
				GCC_WARN_UNUSED_VARIABLE = YES;
				INSTALL_PATH = "$(LOCAL_LIBRARY_DIR)/Frameworks";
				LD_RUNPATH_SEARCH_PATHS = "$(inherited) @executable_path/Frameworks @loader_path/Frameworks";
				MTL_ENABLE_DEBUG_INFO = NO;
				SDKROOT = iphoneos;
				SKIP_INSTALL = YES;
				SUPPORTED_PLATFORMS = "iphonesimulator iphoneos";
				SWIFT_OPTIMIZATION_LEVEL = "-Owholemodule";
				SWIFT_VERSION = 4.0;
				VERSIONING_SYSTEM = "apple-generic";
				VERSION_INFO_PREFIX = "";
			};
			name = Release;
		};
		C9BB47971E71821A00F3F98C /* Debug */ = {
			isa = XCBuildConfiguration;
			baseConfigurationReference = C90BAD2F1E73FA7400DEFB32 /* Tests.xcconfig */;
			buildSettings = {
				ALWAYS_SEARCH_USER_PATHS = NO;
				CLANG_ANALYZER_NONNULL = YES;
				CLANG_CXX_LANGUAGE_STANDARD = "gnu++0x";
				CLANG_CXX_LIBRARY = "libc++";
				CLANG_ENABLE_MODULES = YES;
				CLANG_ENABLE_OBJC_ARC = YES;
				CLANG_WARN_BOOL_CONVERSION = YES;
				CLANG_WARN_CONSTANT_CONVERSION = YES;
				CLANG_WARN_DIRECT_OBJC_ISA_USAGE = YES_ERROR;
				CLANG_WARN_DOCUMENTATION_COMMENTS = YES;
				CLANG_WARN_EMPTY_BODY = YES;
				CLANG_WARN_ENUM_CONVERSION = YES;
				CLANG_WARN_INFINITE_RECURSION = YES;
				CLANG_WARN_INT_CONVERSION = YES;
				CLANG_WARN_OBJC_ROOT_CLASS = YES_ERROR;
				CLANG_WARN_SUSPICIOUS_MOVE = YES;
				CLANG_WARN_UNREACHABLE_CODE = YES;
				CLANG_WARN__DUPLICATE_METHOD_MATCH = YES;
				COPY_PHASE_STRIP = NO;
				DEBUG_INFORMATION_FORMAT = dwarf;
				DEVELOPMENT_TEAM = 2TWXCGG7R3;
				ENABLE_STRICT_OBJC_MSGSEND = YES;
				ENABLE_TESTABILITY = YES;
				GCC_C_LANGUAGE_STANDARD = gnu99;
				GCC_DYNAMIC_NO_PIC = NO;
				GCC_NO_COMMON_BLOCKS = YES;
				GCC_OPTIMIZATION_LEVEL = 0;
				GCC_PREPROCESSOR_DEFINITIONS = (
					"DEBUG=1",
					"$(inherited)",
				);
				GCC_WARN_64_TO_32_BIT_CONVERSION = YES;
				GCC_WARN_ABOUT_RETURN_TYPE = YES_ERROR;
				GCC_WARN_UNDECLARED_SELECTOR = YES;
				GCC_WARN_UNINITIALIZED_AUTOS = YES_AGGRESSIVE;
				GCC_WARN_UNUSED_FUNCTION = YES;
				GCC_WARN_UNUSED_VARIABLE = YES;
				IPHONEOS_DEPLOYMENT_TARGET = 10.2;
				LD_RUNPATH_SEARCH_PATHS = "$(inherited) @executable_path/Frameworks @loader_path/Frameworks";
				MTL_ENABLE_DEBUG_INFO = YES;
				SDKROOT = iphoneos;
				SUPPORTED_PLATFORMS = "iphonesimulator iphoneos";
				SWIFT_ACTIVE_COMPILATION_CONDITIONS = DEBUG;
				SWIFT_OPTIMIZATION_LEVEL = "-Onone";
				SWIFT_VERSION = 4.0;
			};
			name = Debug;
		};
		C9BB47981E71821A00F3F98C /* Release */ = {
			isa = XCBuildConfiguration;
			baseConfigurationReference = C90BAD2F1E73FA7400DEFB32 /* Tests.xcconfig */;
			buildSettings = {
				ALWAYS_SEARCH_USER_PATHS = NO;
				CLANG_ANALYZER_NONNULL = YES;
				CLANG_CXX_LANGUAGE_STANDARD = "gnu++0x";
				CLANG_CXX_LIBRARY = "libc++";
				CLANG_ENABLE_MODULES = YES;
				CLANG_ENABLE_OBJC_ARC = YES;
				CLANG_WARN_BOOL_CONVERSION = YES;
				CLANG_WARN_CONSTANT_CONVERSION = YES;
				CLANG_WARN_DIRECT_OBJC_ISA_USAGE = YES_ERROR;
				CLANG_WARN_DOCUMENTATION_COMMENTS = YES;
				CLANG_WARN_EMPTY_BODY = YES;
				CLANG_WARN_ENUM_CONVERSION = YES;
				CLANG_WARN_INFINITE_RECURSION = YES;
				CLANG_WARN_INT_CONVERSION = YES;
				CLANG_WARN_OBJC_ROOT_CLASS = YES_ERROR;
				CLANG_WARN_SUSPICIOUS_MOVE = YES;
				CLANG_WARN_UNREACHABLE_CODE = YES;
				CLANG_WARN__DUPLICATE_METHOD_MATCH = YES;
				COPY_PHASE_STRIP = NO;
				DEBUG_INFORMATION_FORMAT = "dwarf-with-dsym";
				DEVELOPMENT_TEAM = 2TWXCGG7R3;
				ENABLE_NS_ASSERTIONS = NO;
				ENABLE_STRICT_OBJC_MSGSEND = YES;
				GCC_C_LANGUAGE_STANDARD = gnu99;
				GCC_NO_COMMON_BLOCKS = YES;
				GCC_WARN_64_TO_32_BIT_CONVERSION = YES;
				GCC_WARN_ABOUT_RETURN_TYPE = YES_ERROR;
				GCC_WARN_UNDECLARED_SELECTOR = YES;
				GCC_WARN_UNINITIALIZED_AUTOS = YES_AGGRESSIVE;
				GCC_WARN_UNUSED_FUNCTION = YES;
				GCC_WARN_UNUSED_VARIABLE = YES;
				IPHONEOS_DEPLOYMENT_TARGET = 10.2;
				LD_RUNPATH_SEARCH_PATHS = "$(inherited) @executable_path/Frameworks @loader_path/Frameworks";
				MTL_ENABLE_DEBUG_INFO = NO;
				SDKROOT = iphoneos;
				SUPPORTED_PLATFORMS = "iphonesimulator iphoneos";
				SWIFT_OPTIMIZATION_LEVEL = "-Owholemodule";
				SWIFT_VERSION = 4.0;
				VALIDATE_PRODUCT = YES;
			};
			name = Release;
		};
		C9D2ABEE1EA20F99007EDF9D /* Debug */ = {
			isa = XCBuildConfiguration;
			baseConfigurationReference = C90BAD2B1E73F69500DEFB32 /* Debug.xcconfig */;
			buildSettings = {
				CLANG_ALLOW_NON_MODULAR_INCLUDES_IN_FRAMEWORK_MODULES = NO;
				CLANG_ANALYZER_NONNULL = YES;
				CLANG_ENABLE_MODULES = YES;
				CLANG_ENABLE_OBJC_ARC = YES;
				CLANG_WARN_DIRECT_OBJC_ISA_USAGE = YES_ERROR;
				CLANG_WARN_EMPTY_BODY = YES;
				CLANG_WARN_ENUM_CONVERSION = YES;
				CLANG_WARN_INFINITE_RECURSION = YES;
				CLANG_WARN_INT_CONVERSION = YES;
				CLANG_WARN_OBJC_ROOT_CLASS = YES_ERROR;
				CLANG_WARN_SUSPICIOUS_MOVE = YES;
				CLANG_WARN_UNREACHABLE_CODE = YES;
				CLANG_WARN__DUPLICATE_METHOD_MATCH = YES;
				COPY_PHASE_STRIP = NO;
				CURRENT_PROJECT_VERSION = 1;
				DEFINES_MODULE = YES;
				DEVELOPMENT_TEAM = "";
				DYLIB_COMPATIBILITY_VERSION = 1;
				DYLIB_CURRENT_VERSION = 1;
				DYLIB_INSTALL_NAME_BASE = "@rpath";
				ENABLE_STRICT_OBJC_MSGSEND = YES;
				ENABLE_TESTABILITY = YES;
				GCC_DYNAMIC_NO_PIC = NO;
				GCC_NO_COMMON_BLOCKS = YES;
				GCC_OPTIMIZATION_LEVEL = 0;
				GCC_WARN_64_TO_32_BIT_CONVERSION = NO;
				GCC_WARN_ABOUT_RETURN_TYPE = YES_ERROR;
				GCC_WARN_UNDECLARED_SELECTOR = YES;
				GCC_WARN_UNINITIALIZED_AUTOS = YES;
				GCC_WARN_UNUSED_FUNCTION = YES;
				GCC_WARN_UNUSED_VARIABLE = YES;
				INSTALL_PATH = "$(LOCAL_LIBRARY_DIR)/Frameworks";
				MTL_ENABLE_DEBUG_INFO = YES;
				PROVISIONING_PROFILE_SPECIFIER = "";
				SDKROOT = macosx;
				SKIP_INSTALL = YES;
				SUPPORTED_PLATFORMS = macosx;
				SWIFT_ACTIVE_COMPILATION_CONDITIONS = DEBUG;
				SWIFT_OPTIMIZATION_LEVEL = "-Onone";
				SWIFT_VERSION = 3.0;
				TARGETED_DEVICE_FAMILY = "1,2";
				VERSIONING_SYSTEM = "apple-generic";
				VERSION_INFO_PREFIX = "";
			};
			name = Debug;
		};
		C9D2ABEF1EA20F99007EDF9D /* Release */ = {
			isa = XCBuildConfiguration;
			baseConfigurationReference = C90BAD2C1E73F69500DEFB32 /* Release.xcconfig */;
			buildSettings = {
				CLANG_ALLOW_NON_MODULAR_INCLUDES_IN_FRAMEWORK_MODULES = NO;
				CLANG_ANALYZER_NONNULL = YES;
				CLANG_ENABLE_MODULES = YES;
				CLANG_ENABLE_OBJC_ARC = YES;
				CLANG_WARN_DIRECT_OBJC_ISA_USAGE = YES_ERROR;
				CLANG_WARN_EMPTY_BODY = YES;
				CLANG_WARN_ENUM_CONVERSION = YES;
				CLANG_WARN_INFINITE_RECURSION = YES;
				CLANG_WARN_INT_CONVERSION = YES;
				CLANG_WARN_OBJC_ROOT_CLASS = YES_ERROR;
				CLANG_WARN_SUSPICIOUS_MOVE = YES;
				CLANG_WARN_UNREACHABLE_CODE = YES;
				CLANG_WARN__DUPLICATE_METHOD_MATCH = YES;
				COPY_PHASE_STRIP = NO;
				CURRENT_PROJECT_VERSION = 1;
				DEFINES_MODULE = YES;
				DEVELOPMENT_TEAM = "";
				DYLIB_COMPATIBILITY_VERSION = 1;
				DYLIB_CURRENT_VERSION = 1;
				DYLIB_INSTALL_NAME_BASE = "@rpath";
				ENABLE_NS_ASSERTIONS = NO;
				ENABLE_STRICT_OBJC_MSGSEND = YES;
				ENABLE_TESTABILITY = YES;
				GCC_NO_COMMON_BLOCKS = YES;
				GCC_WARN_64_TO_32_BIT_CONVERSION = NO;
				GCC_WARN_ABOUT_RETURN_TYPE = YES_ERROR;
				GCC_WARN_UNDECLARED_SELECTOR = YES;
				GCC_WARN_UNINITIALIZED_AUTOS = YES;
				GCC_WARN_UNUSED_FUNCTION = YES;
				GCC_WARN_UNUSED_VARIABLE = YES;
				INSTALL_PATH = "$(LOCAL_LIBRARY_DIR)/Frameworks";
				MTL_ENABLE_DEBUG_INFO = NO;
				PROVISIONING_PROFILE_SPECIFIER = "";
				SDKROOT = macosx;
				SKIP_INSTALL = YES;
				SUPPORTED_PLATFORMS = macosx;
				SWIFT_OPTIMIZATION_LEVEL = "-Owholemodule";
				SWIFT_VERSION = 3.0;
				TARGETED_DEVICE_FAMILY = "1,2";
				VERSIONING_SYSTEM = "apple-generic";
				VERSION_INFO_PREFIX = "";
			};
			name = Release;
		};
		C9D2ABFD1EA212A3007EDF9D /* Debug */ = {
			isa = XCBuildConfiguration;
			baseConfigurationReference = C90BAD2F1E73FA7400DEFB32 /* Tests.xcconfig */;
			buildSettings = {
				ALWAYS_EMBED_SWIFT_STANDARD_LIBRARIES = YES;
				ALWAYS_SEARCH_USER_PATHS = NO;
				CLANG_ANALYZER_NONNULL = YES;
				CLANG_CXX_LANGUAGE_STANDARD = "gnu++0x";
				CLANG_CXX_LIBRARY = "libc++";
				CLANG_ENABLE_MODULES = YES;
				CLANG_ENABLE_OBJC_ARC = YES;
				CLANG_WARN_BOOL_CONVERSION = YES;
				CLANG_WARN_CONSTANT_CONVERSION = YES;
				CLANG_WARN_DIRECT_OBJC_ISA_USAGE = YES_ERROR;
				CLANG_WARN_DOCUMENTATION_COMMENTS = YES;
				CLANG_WARN_EMPTY_BODY = YES;
				CLANG_WARN_ENUM_CONVERSION = YES;
				CLANG_WARN_INFINITE_RECURSION = YES;
				CLANG_WARN_INT_CONVERSION = YES;
				CLANG_WARN_OBJC_ROOT_CLASS = YES_ERROR;
				CLANG_WARN_SUSPICIOUS_MOVE = YES;
				CLANG_WARN_UNREACHABLE_CODE = YES;
				CLANG_WARN__DUPLICATE_METHOD_MATCH = YES;
				COPY_PHASE_STRIP = NO;
				DEBUG_INFORMATION_FORMAT = dwarf;
				DEVELOPMENT_TEAM = 2TWXCGG7R3;
				ENABLE_STRICT_OBJC_MSGSEND = YES;
				ENABLE_TESTABILITY = YES;
				GCC_C_LANGUAGE_STANDARD = gnu99;
				GCC_DYNAMIC_NO_PIC = NO;
				GCC_NO_COMMON_BLOCKS = YES;
				GCC_OPTIMIZATION_LEVEL = 0;
				GCC_PREPROCESSOR_DEFINITIONS = (
					"DEBUG=1",
					"$(inherited)",
				);
				GCC_WARN_64_TO_32_BIT_CONVERSION = YES;
				GCC_WARN_ABOUT_RETURN_TYPE = YES_ERROR;
				GCC_WARN_UNDECLARED_SELECTOR = YES;
				GCC_WARN_UNINITIALIZED_AUTOS = YES_AGGRESSIVE;
				GCC_WARN_UNUSED_FUNCTION = YES;
				GCC_WARN_UNUSED_VARIABLE = YES;
				IPHONEOS_DEPLOYMENT_TARGET = 10.2;
				LD_RUNPATH_SEARCH_PATHS = "$(inherited) @executable_path/Frameworks @loader_path/Frameworks";
				MTL_ENABLE_DEBUG_INFO = YES;
				SDKROOT = macosx;
				SUPPORTED_PLATFORMS = macosx;
				SWIFT_ACTIVE_COMPILATION_CONDITIONS = DEBUG;
				SWIFT_OPTIMIZATION_LEVEL = "-Onone";
				SWIFT_VERSION = 4.0;
			};
			name = Debug;
		};
		C9D2ABFE1EA212A3007EDF9D /* Release */ = {
			isa = XCBuildConfiguration;
			baseConfigurationReference = C90BAD2F1E73FA7400DEFB32 /* Tests.xcconfig */;
			buildSettings = {
				ALWAYS_EMBED_SWIFT_STANDARD_LIBRARIES = YES;
				ALWAYS_SEARCH_USER_PATHS = NO;
				CLANG_ANALYZER_NONNULL = YES;
				CLANG_CXX_LANGUAGE_STANDARD = "gnu++0x";
				CLANG_CXX_LIBRARY = "libc++";
				CLANG_ENABLE_MODULES = YES;
				CLANG_ENABLE_OBJC_ARC = YES;
				CLANG_WARN_BOOL_CONVERSION = YES;
				CLANG_WARN_CONSTANT_CONVERSION = YES;
				CLANG_WARN_DIRECT_OBJC_ISA_USAGE = YES_ERROR;
				CLANG_WARN_DOCUMENTATION_COMMENTS = YES;
				CLANG_WARN_EMPTY_BODY = YES;
				CLANG_WARN_ENUM_CONVERSION = YES;
				CLANG_WARN_INFINITE_RECURSION = YES;
				CLANG_WARN_INT_CONVERSION = YES;
				CLANG_WARN_OBJC_ROOT_CLASS = YES_ERROR;
				CLANG_WARN_SUSPICIOUS_MOVE = YES;
				CLANG_WARN_UNREACHABLE_CODE = YES;
				CLANG_WARN__DUPLICATE_METHOD_MATCH = YES;
				COPY_PHASE_STRIP = NO;
				DEBUG_INFORMATION_FORMAT = "dwarf-with-dsym";
				DEVELOPMENT_TEAM = 2TWXCGG7R3;
				ENABLE_NS_ASSERTIONS = NO;
				ENABLE_STRICT_OBJC_MSGSEND = YES;
				GCC_C_LANGUAGE_STANDARD = gnu99;
				GCC_NO_COMMON_BLOCKS = YES;
				GCC_WARN_64_TO_32_BIT_CONVERSION = YES;
				GCC_WARN_ABOUT_RETURN_TYPE = YES_ERROR;
				GCC_WARN_UNDECLARED_SELECTOR = YES;
				GCC_WARN_UNINITIALIZED_AUTOS = YES_AGGRESSIVE;
				GCC_WARN_UNUSED_FUNCTION = YES;
				GCC_WARN_UNUSED_VARIABLE = YES;
				IPHONEOS_DEPLOYMENT_TARGET = 10.2;
				LD_RUNPATH_SEARCH_PATHS = "$(inherited) @executable_path/Frameworks @loader_path/Frameworks";
				MTL_ENABLE_DEBUG_INFO = NO;
				SDKROOT = macosx;
				SUPPORTED_PLATFORMS = macosx;
				SWIFT_OPTIMIZATION_LEVEL = "-Owholemodule";
				SWIFT_VERSION = 4.0;
				VALIDATE_PRODUCT = YES;
			};
			name = Release;
		};
/* End XCBuildConfiguration section */

/* Begin XCConfigurationList section */
		C91030FB1E471D760004DFFE /* Build configuration list for PBXProject "OpenVPN Adapter" */ = {
			isa = XCConfigurationList;
			buildConfigurations = (
				C91030FC1E471D760004DFFE /* Debug */,
				C91030FD1E471D760004DFFE /* Release */,
			);
			defaultConfigurationIsVisible = 0;
			defaultConfigurationName = Release;
		};
		C9BB47631E71663A00F3F98C /* Build configuration list for PBXNativeTarget "OpenVPN Adapter iOS" */ = {
			isa = XCConfigurationList;
			buildConfigurations = (
				C9BB47611E71663A00F3F98C /* Debug */,
				C9BB47621E71663A00F3F98C /* Release */,
			);
			defaultConfigurationIsVisible = 0;
			defaultConfigurationName = Release;
		};
		C9BB47961E71821A00F3F98C /* Build configuration list for PBXNativeTarget "OpenVPN Adapter iOS Tests" */ = {
			isa = XCConfigurationList;
			buildConfigurations = (
				C9BB47971E71821A00F3F98C /* Debug */,
				C9BB47981E71821A00F3F98C /* Release */,
			);
			defaultConfigurationIsVisible = 0;
			defaultConfigurationName = Release;
		};
		C9D2ABED1EA20F99007EDF9D /* Build configuration list for PBXNativeTarget "OpenVPN Adapter macOS" */ = {
			isa = XCConfigurationList;
			buildConfigurations = (
				C9D2ABEE1EA20F99007EDF9D /* Debug */,
				C9D2ABEF1EA20F99007EDF9D /* Release */,
			);
			defaultConfigurationIsVisible = 0;
			defaultConfigurationName = Release;
		};
		C9D2ABFC1EA212A3007EDF9D /* Build configuration list for PBXNativeTarget "OpenVPN Adapter macOS Tests" */ = {
			isa = XCConfigurationList;
			buildConfigurations = (
				C9D2ABFD1EA212A3007EDF9D /* Debug */,
				C9D2ABFE1EA212A3007EDF9D /* Release */,
			);
			defaultConfigurationIsVisible = 0;
			defaultConfigurationName = Release;
		};
/* End XCConfigurationList section */
	};
	rootObject = C91030F81E471D760004DFFE /* Project object */;
}
